// !$*UTF8*$!
{
	archiveVersion = 1;
	classes = {
	};
	objectVersion = 46;
	objects = {

/* Begin PBXBuildFile section */
		0C091D881806B8AA000CCB11 /* DFProcessingCenter.m in Sources */ = {isa = PBXBuildFile; fileRef = 0C091D871806B8AA000CCB11 /* DFProcessingCenter.m */; };
		0C091D891806B8AA000CCB11 /* DFProcessingCenter.m in Sources */ = {isa = PBXBuildFile; fileRef = 0C091D871806B8AA000CCB11 /* DFProcessingCenter.m */; };
		0C091D901806B981000CCB11 /* DFProcessingTask.m in Sources */ = {isa = PBXBuildFile; fileRef = 0C091D8F1806B981000CCB11 /* DFProcessingTask.m */; };
		0C091D911806B981000CCB11 /* DFProcessingTask.m in Sources */ = {isa = PBXBuildFile; fileRef = 0C091D8F1806B981000CCB11 /* DFProcessingTask.m */; };
		0C2A95E317FBEF290016CB20 /* DFStream.m in Sources */ = {isa = PBXBuildFile; fileRef = 0C2A95E017FBEF290016CB20 /* DFStream.m */; };
		0C2A95E417FBEF290016CB20 /* DFStream.m in Sources */ = {isa = PBXBuildFile; fileRef = 0C2A95E017FBEF290016CB20 /* DFStream.m */; };
		0C2A95E517FBEF290016CB20 /* DFStreamChain.m in Sources */ = {isa = PBXBuildFile; fileRef = 0C2A95E217FBEF290016CB20 /* DFStreamChain.m */; };
		0C2A95E617FBEF290016CB20 /* DFStreamChain.m in Sources */ = {isa = PBXBuildFile; fileRef = 0C2A95E217FBEF290016CB20 /* DFStreamChain.m */; };
		0C37135717D3FC2500766FD9 /* Foundation.framework in Frameworks */ = {isa = PBXBuildFile; fileRef = 0C3712F717D3F93F00766FD9 /* Foundation.framework */; };
		0C3713D117D3FECA00766FD9 /* bmp.h in Headers */ = {isa = PBXBuildFile; fileRef = 0C37138317D3FECA00766FD9 /* bmp.h */; };
		0C3713D217D3FECA00766FD9 /* bmp.h in Headers */ = {isa = PBXBuildFile; fileRef = 0C37138317D3FECA00766FD9 /* bmp.h */; };
		0C3713D317D3FECA00766FD9 /* cderror.h in Headers */ = {isa = PBXBuildFile; fileRef = 0C37138417D3FECA00766FD9 /* cderror.h */; };
		0C3713D417D3FECA00766FD9 /* cderror.h in Headers */ = {isa = PBXBuildFile; fileRef = 0C37138417D3FECA00766FD9 /* cderror.h */; };
		0C3713D517D3FECA00766FD9 /* cdjpeg.h in Headers */ = {isa = PBXBuildFile; fileRef = 0C37138517D3FECA00766FD9 /* cdjpeg.h */; };
		0C3713D617D3FECA00766FD9 /* cdjpeg.h in Headers */ = {isa = PBXBuildFile; fileRef = 0C37138517D3FECA00766FD9 /* cdjpeg.h */; };
		0C3713D717D3FECA00766FD9 /* config.h in Headers */ = {isa = PBXBuildFile; fileRef = 0C37138617D3FECA00766FD9 /* config.h */; };
		0C3713D817D3FECA00766FD9 /* config.h in Headers */ = {isa = PBXBuildFile; fileRef = 0C37138617D3FECA00766FD9 /* config.h */; };
		0C3713D917D3FECA00766FD9 /* jchuff.h in Headers */ = {isa = PBXBuildFile; fileRef = 0C37138717D3FECA00766FD9 /* jchuff.h */; };
		0C3713DA17D3FECA00766FD9 /* jchuff.h in Headers */ = {isa = PBXBuildFile; fileRef = 0C37138717D3FECA00766FD9 /* jchuff.h */; };
		0C3713DB17D3FECA00766FD9 /* jconfig.h in Headers */ = {isa = PBXBuildFile; fileRef = 0C37138817D3FECA00766FD9 /* jconfig.h */; };
		0C3713DC17D3FECA00766FD9 /* jconfig.h in Headers */ = {isa = PBXBuildFile; fileRef = 0C37138817D3FECA00766FD9 /* jconfig.h */; };
		0C3713DD17D3FECA00766FD9 /* jdct.h in Headers */ = {isa = PBXBuildFile; fileRef = 0C37138917D3FECA00766FD9 /* jdct.h */; };
		0C3713DE17D3FECA00766FD9 /* jdct.h in Headers */ = {isa = PBXBuildFile; fileRef = 0C37138917D3FECA00766FD9 /* jdct.h */; };
		0C3713DF17D3FECA00766FD9 /* jdhuff.h in Headers */ = {isa = PBXBuildFile; fileRef = 0C37138A17D3FECA00766FD9 /* jdhuff.h */; };
		0C3713E017D3FECA00766FD9 /* jdhuff.h in Headers */ = {isa = PBXBuildFile; fileRef = 0C37138A17D3FECA00766FD9 /* jdhuff.h */; };
		0C3713E117D3FECA00766FD9 /* jerror.h in Headers */ = {isa = PBXBuildFile; fileRef = 0C37138B17D3FECA00766FD9 /* jerror.h */; };
		0C3713E217D3FECA00766FD9 /* jerror.h in Headers */ = {isa = PBXBuildFile; fileRef = 0C37138B17D3FECA00766FD9 /* jerror.h */; };
		0C3713E317D3FECA00766FD9 /* jinclude.h in Headers */ = {isa = PBXBuildFile; fileRef = 0C37138C17D3FECA00766FD9 /* jinclude.h */; };
		0C3713E417D3FECA00766FD9 /* jinclude.h in Headers */ = {isa = PBXBuildFile; fileRef = 0C37138C17D3FECA00766FD9 /* jinclude.h */; };
		0C3713E517D3FECA00766FD9 /* jmemsys.h in Headers */ = {isa = PBXBuildFile; fileRef = 0C37138D17D3FECA00766FD9 /* jmemsys.h */; };
		0C3713E617D3FECA00766FD9 /* jmemsys.h in Headers */ = {isa = PBXBuildFile; fileRef = 0C37138D17D3FECA00766FD9 /* jmemsys.h */; };
		0C3713E717D3FECA00766FD9 /* jmorecfg.h in Headers */ = {isa = PBXBuildFile; fileRef = 0C37138E17D3FECA00766FD9 /* jmorecfg.h */; };
		0C3713E817D3FECA00766FD9 /* jmorecfg.h in Headers */ = {isa = PBXBuildFile; fileRef = 0C37138E17D3FECA00766FD9 /* jmorecfg.h */; };
		0C3713E917D3FECA00766FD9 /* jpegcomp.h in Headers */ = {isa = PBXBuildFile; fileRef = 0C37138F17D3FECA00766FD9 /* jpegcomp.h */; };
		0C3713EA17D3FECA00766FD9 /* jpegcomp.h in Headers */ = {isa = PBXBuildFile; fileRef = 0C37138F17D3FECA00766FD9 /* jpegcomp.h */; };
		0C3713EB17D3FECA00766FD9 /* jpegint.h in Headers */ = {isa = PBXBuildFile; fileRef = 0C37139017D3FECA00766FD9 /* jpegint.h */; };
		0C3713EC17D3FECA00766FD9 /* jpegint.h in Headers */ = {isa = PBXBuildFile; fileRef = 0C37139017D3FECA00766FD9 /* jpegint.h */; };
		0C3713ED17D3FECA00766FD9 /* jpeglib.h in Headers */ = {isa = PBXBuildFile; fileRef = 0C37139117D3FECA00766FD9 /* jpeglib.h */; };
		0C3713EE17D3FECA00766FD9 /* jpeglib.h in Headers */ = {isa = PBXBuildFile; fileRef = 0C37139117D3FECA00766FD9 /* jpeglib.h */; };
		0C3713EF17D3FECA00766FD9 /* jsimd.h in Headers */ = {isa = PBXBuildFile; fileRef = 0C37139217D3FECA00766FD9 /* jsimd.h */; };
		0C3713F017D3FECA00766FD9 /* jsimd.h in Headers */ = {isa = PBXBuildFile; fileRef = 0C37139217D3FECA00766FD9 /* jsimd.h */; };
		0C3713F117D3FECA00766FD9 /* jsimddct.h in Headers */ = {isa = PBXBuildFile; fileRef = 0C37139317D3FECA00766FD9 /* jsimddct.h */; };
		0C3713F217D3FECA00766FD9 /* jsimddct.h in Headers */ = {isa = PBXBuildFile; fileRef = 0C37139317D3FECA00766FD9 /* jsimddct.h */; };
		0C3713F317D3FECA00766FD9 /* jversion.h in Headers */ = {isa = PBXBuildFile; fileRef = 0C37139417D3FECA00766FD9 /* jversion.h */; };
		0C3713F417D3FECA00766FD9 /* jversion.h in Headers */ = {isa = PBXBuildFile; fileRef = 0C37139417D3FECA00766FD9 /* jversion.h */; };
		0C3713F517D3FECA00766FD9 /* libturbojpeg.a in Frameworks */ = {isa = PBXBuildFile; fileRef = 0C37139517D3FECA00766FD9 /* libturbojpeg.a */; };
		0C3713F817D3FECA00766FD9 /* tjutil.h in Headers */ = {isa = PBXBuildFile; fileRef = 0C37139617D3FECA00766FD9 /* tjutil.h */; };
		0C3713F917D3FECA00766FD9 /* tjutil.h in Headers */ = {isa = PBXBuildFile; fileRef = 0C37139617D3FECA00766FD9 /* tjutil.h */; };
		0C3713FA17D3FECA00766FD9 /* transupp.h in Headers */ = {isa = PBXBuildFile; fileRef = 0C37139717D3FECA00766FD9 /* transupp.h */; };
		0C3713FB17D3FECA00766FD9 /* transupp.h in Headers */ = {isa = PBXBuildFile; fileRef = 0C37139717D3FECA00766FD9 /* transupp.h */; };
		0C3713FC17D3FECA00766FD9 /* turbojpeg.h in Headers */ = {isa = PBXBuildFile; fileRef = 0C37139817D3FECA00766FD9 /* turbojpeg.h */; };
		0C3713FD17D3FECA00766FD9 /* turbojpeg.h in Headers */ = {isa = PBXBuildFile; fileRef = 0C37139817D3FECA00766FD9 /* turbojpeg.h */; };
		0C3713FE17D3FECA00766FD9 /* NSMutableArray+Dwarf.h in Headers */ = {isa = PBXBuildFile; fileRef = 0C37139B17D3FECA00766FD9 /* NSMutableArray+Dwarf.h */; };
		0C3713FF17D3FECA00766FD9 /* NSMutableArray+Dwarf.h in Headers */ = {isa = PBXBuildFile; fileRef = 0C37139B17D3FECA00766FD9 /* NSMutableArray+Dwarf.h */; };
		0C37140017D3FECA00766FD9 /* NSMutableArray+Dwarf.m in Sources */ = {isa = PBXBuildFile; fileRef = 0C37139C17D3FECA00766FD9 /* NSMutableArray+Dwarf.m */; };
		0C37140117D3FECA00766FD9 /* NSMutableArray+Dwarf.m in Sources */ = {isa = PBXBuildFile; fileRef = 0C37139C17D3FECA00766FD9 /* NSMutableArray+Dwarf.m */; };
		0C37140217D3FECA00766FD9 /* NSMutableArray+Dwarf.m in Sources */ = {isa = PBXBuildFile; fileRef = 0C37139C17D3FECA00766FD9 /* NSMutableArray+Dwarf.m */; };
		0C37140517D3FECA00766FD9 /* UIImageView+Dwarf.m in Sources */ = {isa = PBXBuildFile; fileRef = 0C37139F17D3FECA00766FD9 /* UIImageView+Dwarf.m */; };
		0C37140D17D3FECA00766FD9 /* DFTask+DFTaskPrivate.h in Headers */ = {isa = PBXBuildFile; fileRef = 0C3713A417D3FECA00766FD9 /* DFTask+DFTaskPrivate.h */; };
		0C37140E17D3FECA00766FD9 /* DFTask+DFTaskPrivate.h in Headers */ = {isa = PBXBuildFile; fileRef = 0C3713A417D3FECA00766FD9 /* DFTask+DFTaskPrivate.h */; };
		0C37140F17D3FECA00766FD9 /* DFTask.h in Headers */ = {isa = PBXBuildFile; fileRef = 0C3713A517D3FECA00766FD9 /* DFTask.h */; };
		0C37141017D3FECA00766FD9 /* DFTask.h in Headers */ = {isa = PBXBuildFile; fileRef = 0C3713A517D3FECA00766FD9 /* DFTask.h */; };
		0C37141117D3FECA00766FD9 /* DFTask.m in Sources */ = {isa = PBXBuildFile; fileRef = 0C3713A617D3FECA00766FD9 /* DFTask.m */; };
		0C37141217D3FECA00766FD9 /* DFTask.m in Sources */ = {isa = PBXBuildFile; fileRef = 0C3713A617D3FECA00766FD9 /* DFTask.m */; };
		0C37141317D3FECA00766FD9 /* DFTask.m in Sources */ = {isa = PBXBuildFile; fileRef = 0C3713A617D3FECA00766FD9 /* DFTask.m */; };
		0C37141417D3FECA00766FD9 /* DFTaskQueue.h in Headers */ = {isa = PBXBuildFile; fileRef = 0C3713A717D3FECA00766FD9 /* DFTaskQueue.h */; };
		0C37141517D3FECA00766FD9 /* DFTaskQueue.h in Headers */ = {isa = PBXBuildFile; fileRef = 0C3713A717D3FECA00766FD9 /* DFTaskQueue.h */; };
		0C37141617D3FECA00766FD9 /* DFTaskQueue.m in Sources */ = {isa = PBXBuildFile; fileRef = 0C3713A817D3FECA00766FD9 /* DFTaskQueue.m */; };
		0C37141717D3FECA00766FD9 /* DFTaskQueue.m in Sources */ = {isa = PBXBuildFile; fileRef = 0C3713A817D3FECA00766FD9 /* DFTaskQueue.m */; };
		0C37141817D3FECA00766FD9 /* DFTaskQueue.m in Sources */ = {isa = PBXBuildFile; fileRef = 0C3713A817D3FECA00766FD9 /* DFTaskQueue.m */; };
		0C37141B17D3FECA00766FD9 /* DFButton.m in Sources */ = {isa = PBXBuildFile; fileRef = 0C3713AB17D3FECA00766FD9 /* DFButton.m */; };
		0C37141E17D3FECA00766FD9 /* DFButtonLayout.h in Headers */ = {isa = PBXBuildFile; fileRef = 0C3713AC17D3FECA00766FD9 /* DFButtonLayout.h */; };
		0C37141F17D3FECA00766FD9 /* DFButtonLayout.h in Headers */ = {isa = PBXBuildFile; fileRef = 0C3713AC17D3FECA00766FD9 /* DFButtonLayout.h */; };
		0C37142017D3FECA00766FD9 /* DFButtonLayout.m in Sources */ = {isa = PBXBuildFile; fileRef = 0C3713AD17D3FECA00766FD9 /* DFButtonLayout.m */; };
		0C37142717D3FECA00766FD9 /* DFNetworkingConstants.h in Headers */ = {isa = PBXBuildFile; fileRef = 0C3713B117D3FECA00766FD9 /* DFNetworkingConstants.h */; };
		0C37142817D3FECA00766FD9 /* DFNetworkingConstants.h in Headers */ = {isa = PBXBuildFile; fileRef = 0C3713B117D3FECA00766FD9 /* DFNetworkingConstants.h */; };
		0C37143217D3FECA00766FD9 /* DFImageFetchManager.m in Sources */ = {isa = PBXBuildFile; fileRef = 0C3713B717D3FECA00766FD9 /* DFImageFetchManager.m */; };
		0C37143717D3FECA00766FD9 /* DFImageFetchTask.m in Sources */ = {isa = PBXBuildFile; fileRef = 0C3713B917D3FECA00766FD9 /* DFImageFetchTask.m */; };
		0C37143A17D3FECA00766FD9 /* DFBenchmark.h in Headers */ = {isa = PBXBuildFile; fileRef = 0C3713BC17D3FECA00766FD9 /* DFBenchmark.h */; };
		0C37143B17D3FECA00766FD9 /* DFBenchmark.h in Headers */ = {isa = PBXBuildFile; fileRef = 0C3713BC17D3FECA00766FD9 /* DFBenchmark.h */; };
		0C37143C17D3FECA00766FD9 /* DFBenchmark.m in Sources */ = {isa = PBXBuildFile; fileRef = 0C3713BD17D3FECA00766FD9 /* DFBenchmark.m */; };
		0C37143D17D3FECA00766FD9 /* DFBenchmark.m in Sources */ = {isa = PBXBuildFile; fileRef = 0C3713BD17D3FECA00766FD9 /* DFBenchmark.m */; };
		0C37143E17D3FECA00766FD9 /* DFBenchmark.m in Sources */ = {isa = PBXBuildFile; fileRef = 0C3713BD17D3FECA00766FD9 /* DFBenchmark.m */; };
		0C37143F17D3FECA00766FD9 /* DFCache.h in Headers */ = {isa = PBXBuildFile; fileRef = 0C3713BF17D3FECA00766FD9 /* DFCache.h */; };
		0C37144017D3FECA00766FD9 /* DFCache.h in Headers */ = {isa = PBXBuildFile; fileRef = 0C3713BF17D3FECA00766FD9 /* DFCache.h */; };
		0C37144117D3FECA00766FD9 /* DFCache.m in Sources */ = {isa = PBXBuildFile; fileRef = 0C3713C017D3FECA00766FD9 /* DFCache.m */; };
		0C37144217D3FECA00766FD9 /* DFCache.m in Sources */ = {isa = PBXBuildFile; fileRef = 0C3713C017D3FECA00766FD9 /* DFCache.m */; };
		0C37144317D3FECA00766FD9 /* DFCache.m in Sources */ = {isa = PBXBuildFile; fileRef = 0C3713C017D3FECA00766FD9 /* DFCache.m */; };
		0C37144417D3FECA00766FD9 /* DFCrypto.h in Headers */ = {isa = PBXBuildFile; fileRef = 0C3713C217D3FECA00766FD9 /* DFCrypto.h */; };
		0C37144517D3FECA00766FD9 /* DFCrypto.h in Headers */ = {isa = PBXBuildFile; fileRef = 0C3713C217D3FECA00766FD9 /* DFCrypto.h */; };
		0C37144617D3FECA00766FD9 /* DFCrypto.m in Sources */ = {isa = PBXBuildFile; fileRef = 0C3713C317D3FECA00766FD9 /* DFCrypto.m */; };
		0C37144717D3FECA00766FD9 /* DFCrypto.m in Sources */ = {isa = PBXBuildFile; fileRef = 0C3713C317D3FECA00766FD9 /* DFCrypto.m */; };
		0C37144817D3FECA00766FD9 /* DFCrypto.m in Sources */ = {isa = PBXBuildFile; fileRef = 0C3713C317D3FECA00766FD9 /* DFCrypto.m */; };
		0C37144917D3FECA00766FD9 /* DFObjCExtenstions.h in Headers */ = {isa = PBXBuildFile; fileRef = 0C3713C417D3FECA00766FD9 /* DFObjCExtenstions.h */; };
		0C37144A17D3FECA00766FD9 /* DFObjCExtenstions.h in Headers */ = {isa = PBXBuildFile; fileRef = 0C3713C417D3FECA00766FD9 /* DFObjCExtenstions.h */; };
		0C37144B17D3FECA00766FD9 /* DFOptions.h in Headers */ = {isa = PBXBuildFile; fileRef = 0C3713C517D3FECA00766FD9 /* DFOptions.h */; };
		0C37144C17D3FECA00766FD9 /* DFOptions.h in Headers */ = {isa = PBXBuildFile; fileRef = 0C3713C517D3FECA00766FD9 /* DFOptions.h */; };
		0C37144D17D3FECA00766FD9 /* DFImageFunctions.h in Headers */ = {isa = PBXBuildFile; fileRef = 0C3713C717D3FECA00766FD9 /* DFImageFunctions.h */; };
		0C37144E17D3FECA00766FD9 /* DFImageFunctions.h in Headers */ = {isa = PBXBuildFile; fileRef = 0C3713C717D3FECA00766FD9 /* DFImageFunctions.h */; };
		0C37145117D3FECA00766FD9 /* DFImageProcessing.m in Sources */ = {isa = PBXBuildFile; fileRef = 0C3713C917D3FECA00766FD9 /* DFImageProcessing.m */; };
		0C37145617D3FECA00766FD9 /* DFJPEGTurbo.m in Sources */ = {isa = PBXBuildFile; fileRef = 0C3713CB17D3FECA00766FD9 /* DFJPEGTurbo.m */; };
		0C37145917D3FECA00766FD9 /* DFTesting.h in Headers */ = {isa = PBXBuildFile; fileRef = 0C3713CD17D3FECA00766FD9 /* DFTesting.h */; };
		0C37145A17D3FECA00766FD9 /* DFTesting.h in Headers */ = {isa = PBXBuildFile; fileRef = 0C3713CD17D3FECA00766FD9 /* DFTesting.h */; };
		0C37146117D3FFE600766FD9 /* DFImageView.m in Sources */ = {isa = PBXBuildFile; fileRef = 0C3713D017D3FECA00766FD9 /* DFImageView.m */; };
		0C37146717D4006B00766FD9 /* DFImageFetchHandler.m in Sources */ = {isa = PBXBuildFile; fileRef = 0C3713B517D3FECA00766FD9 /* DFImageFetchHandler.m */; };
		0C37146817D4007E00766FD9 /* UIView+Dwarf.m in Sources */ = {isa = PBXBuildFile; fileRef = 0C3713A117D3FECA00766FD9 /* UIView+Dwarf.m */; };
		0C721DDC18060164003695D0 /* DFReusablePool.m in Sources */ = {isa = PBXBuildFile; fileRef = 0C721DDB18060164003695D0 /* DFReusablePool.m */; };
		0C721DDD18060164003695D0 /* DFReusablePool.m in Sources */ = {isa = PBXBuildFile; fileRef = 0C721DDB18060164003695D0 /* DFReusablePool.m */; };
		0C8C15CE17D406B4004B7DAA /* UIKit.framework in Frameworks */ = {isa = PBXBuildFile; fileRef = 0C8C15CD17D406B4004B7DAA /* UIKit.framework */; };
		0C8C15D017D406DD004B7DAA /* Cocoa.framework in Frameworks */ = {isa = PBXBuildFile; fileRef = 0C8C15CF17D406DD004B7DAA /* Cocoa.framework */; };
		0C8C15D117D40704004B7DAA /* Cocoa.framework in Frameworks */ = {isa = PBXBuildFile; fileRef = 0C8C15CF17D406DD004B7DAA /* Cocoa.framework */; };
		0C8C15E317D40DFC004B7DAA /* SenTestingKit.framework in Frameworks */ = {isa = PBXBuildFile; fileRef = 0C37130617D3F93F00766FD9 /* SenTestingKit.framework */; };
		0C8C15E417D40DFC004B7DAA /* UIKit.framework in Frameworks */ = {isa = PBXBuildFile; fileRef = 0C8C15CD17D406B4004B7DAA /* UIKit.framework */; };
		0C8C15E517D40DFC004B7DAA /* Foundation.framework in Frameworks */ = {isa = PBXBuildFile; fileRef = 0C3712F717D3F93F00766FD9 /* Foundation.framework */; };
		0C8C15EB17D40DFC004B7DAA /* InfoPlist.strings in Resources */ = {isa = PBXBuildFile; fileRef = 0C8C15E917D40DFC004B7DAA /* InfoPlist.strings */; };
		0C8C15F917D40E0C004B7DAA /* SenTestingKit.framework in Frameworks */ = {isa = PBXBuildFile; fileRef = 0C37130617D3F93F00766FD9 /* SenTestingKit.framework */; };
		0C8C15FA17D40E0C004B7DAA /* Cocoa.framework in Frameworks */ = {isa = PBXBuildFile; fileRef = 0C8C15CF17D406DD004B7DAA /* Cocoa.framework */; };
		0C8C160017D40E0C004B7DAA /* InfoPlist.strings in Resources */ = {isa = PBXBuildFile; fileRef = 0C8C15FE17D40E0C004B7DAA /* InfoPlist.strings */; };
		0C8C160317D40E0C004B7DAA /* DwarfKit_Tests_Mac.m in Sources */ = {isa = PBXBuildFile; fileRef = 0C8C160217D40E0C004B7DAA /* DwarfKit_Tests_Mac.m */; };
		0C8C160A17D40EB4004B7DAA /* image.jpeg in Resources */ = {isa = PBXBuildFile; fileRef = 0C8C160917D40EB4004B7DAA /* image.jpeg */; };
		0C8C160F17D40F9B004B7DAA /* TDFCacheTests.m in Sources */ = {isa = PBXBuildFile; fileRef = 0C8C160E17D40F9B004B7DAA /* TDFCacheTests.m */; };
		0CB5EADD181D7DBF0040CB68 /* DFTaskMultiplexer.m in Sources */ = {isa = PBXBuildFile; fileRef = 0CB5EADC181D7DBF0040CB68 /* DFTaskMultiplexer.m */; };
		0CB5EADE181D7DBF0040CB68 /* DFTaskMultiplexer.m in Sources */ = {isa = PBXBuildFile; fileRef = 0CB5EADC181D7DBF0040CB68 /* DFTaskMultiplexer.m */; };
		0CED041C17D82B8800AEE503 /* DFMapping.h in Headers */ = {isa = PBXBuildFile; fileRef = 0CED041B17D82B8800AEE503 /* DFMapping.h */; };
		0CED041D17D82B8800AEE503 /* DFMapping.h in Headers */ = {isa = PBXBuildFile; fileRef = 0CED041B17D82B8800AEE503 /* DFMapping.h */; };
		0CED042017D82C0A00AEE503 /* DFMapper.h in Headers */ = {isa = PBXBuildFile; fileRef = 0CED041E17D82C0A00AEE503 /* DFMapper.h */; };
		0CED042117D82C0A00AEE503 /* DFMapper.h in Headers */ = {isa = PBXBuildFile; fileRef = 0CED041E17D82C0A00AEE503 /* DFMapper.h */; };
		0CED042217D82C0A00AEE503 /* DFMapper.m in Sources */ = {isa = PBXBuildFile; fileRef = 0CED041F17D82C0A00AEE503 /* DFMapper.m */; };
		0CED042317D82C0A00AEE503 /* DFMapper.m in Sources */ = {isa = PBXBuildFile; fileRef = 0CED041F17D82C0A00AEE503 /* DFMapper.m */; };
		0CED042417D82C0A00AEE503 /* DFMapper.m in Sources */ = {isa = PBXBuildFile; fileRef = 0CED041F17D82C0A00AEE503 /* DFMapper.m */; };
		0CEDE40E17D44DDA00D617F7 /* CoreGraphics.framework in Frameworks */ = {isa = PBXBuildFile; fileRef = 0CEDE40D17D44DDA00D617F7 /* CoreGraphics.framework */; };
		0CEDE40F17D44DE100D617F7 /* CoreGraphics.framework in Frameworks */ = {isa = PBXBuildFile; fileRef = 0CEDE40D17D44DDA00D617F7 /* CoreGraphics.framework */; };
		0CEDE41017D44DE400D617F7 /* CoreGraphics.framework in Frameworks */ = {isa = PBXBuildFile; fileRef = 0CEDE40D17D44DDA00D617F7 /* CoreGraphics.framework */; };
		0CEDE41117D44E7900D617F7 /* CoreGraphics.framework in Frameworks */ = {isa = PBXBuildFile; fileRef = 0CEDE40D17D44DDA00D617F7 /* CoreGraphics.framework */; };
		0CEDE41217D44E8000D617F7 /* CoreGraphics.framework in Frameworks */ = {isa = PBXBuildFile; fileRef = 0CEDE40D17D44DDA00D617F7 /* CoreGraphics.framework */; };
		0CEDE41917D4506800D617F7 /* dwarf_private.h in Headers */ = {isa = PBXBuildFile; fileRef = 0CEDE41817D4506800D617F7 /* dwarf_private.h */; };
		0CEDE41A17D4506800D617F7 /* dwarf_private.h in Headers */ = {isa = PBXBuildFile; fileRef = 0CEDE41817D4506800D617F7 /* dwarf_private.h */; };
		0CFA33F117D4734900AE6EEF /* DwarfKit iOS-Prefix.pch in Headers */ = {isa = PBXBuildFile; fileRef = 0CFA33EF17D4734900AE6EEF /* DwarfKit iOS-Prefix.pch */; };
		0CFA33F217D4734900AE6EEF /* DwarfKit iOS-Prefix.pch in Headers */ = {isa = PBXBuildFile; fileRef = 0CFA33EF17D4734900AE6EEF /* DwarfKit iOS-Prefix.pch */; };
		0CFA33F317D4734900AE6EEF /* DwarfKit Mac-Prefix.pch in Headers */ = {isa = PBXBuildFile; fileRef = 0CFA33F017D4734900AE6EEF /* DwarfKit Mac-Prefix.pch */; };
		0CFA33F417D4734900AE6EEF /* DwarfKit Mac-Prefix.pch in Headers */ = {isa = PBXBuildFile; fileRef = 0CFA33F017D4734900AE6EEF /* DwarfKit Mac-Prefix.pch */; };
		0CFC5CBC17D42367001C2951 /* libDwarfKit.a in Frameworks */ = {isa = PBXBuildFile; fileRef = 0C37135617D3FC2500766FD9 /* libDwarfKit.a */; };
		0CFC5CBF17D423A1001C2951 /* QuartzCore.framework in Frameworks */ = {isa = PBXBuildFile; fileRef = 0CFC5CBD17D42393001C2951 /* QuartzCore.framework */; };
		0CFC5CC017D423A4001C2951 /* QuartzCore.framework in Frameworks */ = {isa = PBXBuildFile; fileRef = 0CFC5CBD17D42393001C2951 /* QuartzCore.framework */; };
		0CFC5CC117D423A6001C2951 /* QuartzCore.framework in Frameworks */ = {isa = PBXBuildFile; fileRef = 0CFC5CBD17D42393001C2951 /* QuartzCore.framework */; };
		0CFCB2841820503600589990 /* DFURLFetchTask.m in Sources */ = {isa = PBXBuildFile; fileRef = 0CFCB2831820503600589990 /* DFURLFetchTask.m */; };
		0CFCB2851820503600589990 /* DFURLFetchTask.m in Sources */ = {isa = PBXBuildFile; fileRef = 0CFCB2831820503600589990 /* DFURLFetchTask.m */; };
		0CFCB28A18218B4300589990 /* TDFTasks.m in Sources */ = {isa = PBXBuildFile; fileRef = 0CFCB28818218B4300589990 /* TDFTasks.m */; };
/* End PBXBuildFile section */

/* Begin PBXContainerItemProxy section */
		0CFC5CB617D42118001C2951 /* PBXContainerItemProxy */ = {
			isa = PBXContainerItemProxy;
			containerPortal = 0C3712EC17D3F93F00766FD9 /* Project object */;
			proxyType = 1;
			remoteGlobalIDString = 0C37135517D3FC2500766FD9;
			remoteInfo = "DwarfKit iOS";
		};
		0CFC5CB817D4211C001C2951 /* PBXContainerItemProxy */ = {
			isa = PBXContainerItemProxy;
			containerPortal = 0C3712EC17D3F93F00766FD9 /* Project object */;
			proxyType = 1;
			remoteGlobalIDString = 0C37137417D3FC3C00766FD9;
			remoteInfo = "DwarfKit Mac Dynamic";
		};
		0CFC5CBA17D4211C001C2951 /* PBXContainerItemProxy */ = {
			isa = PBXContainerItemProxy;
			containerPortal = 0C3712EC17D3F93F00766FD9 /* Project object */;
			proxyType = 1;
			remoteGlobalIDString = 0C37136517D3FC3300766FD9;
			remoteInfo = "DwarfKit Mac Static";
		};
/* End PBXContainerItemProxy section */

/* Begin PBXCopyFilesBuildPhase section */
		0C37135417D3FC2500766FD9 /* CopyFiles */ = {
			isa = PBXCopyFilesBuildPhase;
			buildActionMask = 2147483647;
			dstPath = "include/${PRODUCT_NAME}";
			dstSubfolderSpec = 16;
			files = (
			);
			runOnlyForDeploymentPostprocessing = 0;
		};
/* End PBXCopyFilesBuildPhase section */

/* Begin PBXFileReference section */
		0C091D861806B8AA000CCB11 /* DFProcessingCenter.h */ = {isa = PBXFileReference; fileEncoding = 4; lastKnownFileType = sourcecode.c.h; path = DFProcessingCenter.h; sourceTree = "<group>"; };
		0C091D871806B8AA000CCB11 /* DFProcessingCenter.m */ = {isa = PBXFileReference; fileEncoding = 4; lastKnownFileType = sourcecode.c.objc; path = DFProcessingCenter.m; sourceTree = "<group>"; };
		0C091D8E1806B981000CCB11 /* DFProcessingTask.h */ = {isa = PBXFileReference; fileEncoding = 4; lastKnownFileType = sourcecode.c.h; path = DFProcessingTask.h; sourceTree = "<group>"; };
		0C091D8F1806B981000CCB11 /* DFProcessingTask.m */ = {isa = PBXFileReference; fileEncoding = 4; lastKnownFileType = sourcecode.c.objc; path = DFProcessingTask.m; sourceTree = "<group>"; };
		0C2A95DF17FBEF290016CB20 /* DFStream.h */ = {isa = PBXFileReference; fileEncoding = 4; lastKnownFileType = sourcecode.c.h; path = DFStream.h; sourceTree = "<group>"; };
		0C2A95E017FBEF290016CB20 /* DFStream.m */ = {isa = PBXFileReference; fileEncoding = 4; lastKnownFileType = sourcecode.c.objc; path = DFStream.m; sourceTree = "<group>"; };
		0C2A95E117FBEF290016CB20 /* DFStreamChain.h */ = {isa = PBXFileReference; fileEncoding = 4; lastKnownFileType = sourcecode.c.h; path = DFStreamChain.h; sourceTree = "<group>"; };
		0C2A95E217FBEF290016CB20 /* DFStreamChain.m */ = {isa = PBXFileReference; fileEncoding = 4; lastKnownFileType = sourcecode.c.objc; path = DFStreamChain.m; sourceTree = "<group>"; };
		0C3712F717D3F93F00766FD9 /* Foundation.framework */ = {isa = PBXFileReference; lastKnownFileType = wrapper.framework; name = Foundation.framework; path = System/Library/Frameworks/Foundation.framework; sourceTree = SDKROOT; };
		0C37130617D3F93F00766FD9 /* SenTestingKit.framework */ = {isa = PBXFileReference; lastKnownFileType = wrapper.framework; name = SenTestingKit.framework; path = Library/Frameworks/SenTestingKit.framework; sourceTree = DEVELOPER_DIR; };
		0C37132717D3F9C700766FD9 /* AppKit.framework */ = {isa = PBXFileReference; lastKnownFileType = wrapper.framework; name = AppKit.framework; path = Library/Frameworks/AppKit.framework; sourceTree = SDKROOT; };
		0C37132817D3F9C700766FD9 /* CoreData.framework */ = {isa = PBXFileReference; lastKnownFileType = wrapper.framework; name = CoreData.framework; path = Library/Frameworks/CoreData.framework; sourceTree = SDKROOT; };
		0C37132917D3F9C700766FD9 /* Foundation.framework */ = {isa = PBXFileReference; lastKnownFileType = wrapper.framework; name = Foundation.framework; path = Library/Frameworks/Foundation.framework; sourceTree = SDKROOT; };
		0C37135617D3FC2500766FD9 /* libDwarfKit.a */ = {isa = PBXFileReference; explicitFileType = archive.ar; includeInIndex = 0; path = libDwarfKit.a; sourceTree = BUILT_PRODUCTS_DIR; };
		0C37136617D3FC3300766FD9 /* libDwarfKit-Mac.a */ = {isa = PBXFileReference; explicitFileType = archive.ar; includeInIndex = 0; path = "libDwarfKit-Mac.a"; sourceTree = BUILT_PRODUCTS_DIR; };
		0C37137517D3FC3C00766FD9 /* DwarfKit.dylib */ = {isa = PBXFileReference; explicitFileType = "compiled.mach-o.dylib"; includeInIndex = 0; path = DwarfKit.dylib; sourceTree = BUILT_PRODUCTS_DIR; };
		0C37138317D3FECA00766FD9 /* bmp.h */ = {isa = PBXFileReference; fileEncoding = 4; lastKnownFileType = sourcecode.c.h; path = bmp.h; sourceTree = "<group>"; };
		0C37138417D3FECA00766FD9 /* cderror.h */ = {isa = PBXFileReference; fileEncoding = 4; lastKnownFileType = sourcecode.c.h; path = cderror.h; sourceTree = "<group>"; };
		0C37138517D3FECA00766FD9 /* cdjpeg.h */ = {isa = PBXFileReference; fileEncoding = 4; lastKnownFileType = sourcecode.c.h; path = cdjpeg.h; sourceTree = "<group>"; };
		0C37138617D3FECA00766FD9 /* config.h */ = {isa = PBXFileReference; fileEncoding = 4; lastKnownFileType = sourcecode.c.h; path = config.h; sourceTree = "<group>"; };
		0C37138717D3FECA00766FD9 /* jchuff.h */ = {isa = PBXFileReference; fileEncoding = 4; lastKnownFileType = sourcecode.c.h; path = jchuff.h; sourceTree = "<group>"; };
		0C37138817D3FECA00766FD9 /* jconfig.h */ = {isa = PBXFileReference; fileEncoding = 4; lastKnownFileType = sourcecode.c.h; path = jconfig.h; sourceTree = "<group>"; };
		0C37138917D3FECA00766FD9 /* jdct.h */ = {isa = PBXFileReference; fileEncoding = 4; lastKnownFileType = sourcecode.c.h; path = jdct.h; sourceTree = "<group>"; };
		0C37138A17D3FECA00766FD9 /* jdhuff.h */ = {isa = PBXFileReference; fileEncoding = 4; lastKnownFileType = sourcecode.c.h; path = jdhuff.h; sourceTree = "<group>"; };
		0C37138B17D3FECA00766FD9 /* jerror.h */ = {isa = PBXFileReference; fileEncoding = 4; lastKnownFileType = sourcecode.c.h; path = jerror.h; sourceTree = "<group>"; };
		0C37138C17D3FECA00766FD9 /* jinclude.h */ = {isa = PBXFileReference; fileEncoding = 4; lastKnownFileType = sourcecode.c.h; path = jinclude.h; sourceTree = "<group>"; };
		0C37138D17D3FECA00766FD9 /* jmemsys.h */ = {isa = PBXFileReference; fileEncoding = 4; lastKnownFileType = sourcecode.c.h; path = jmemsys.h; sourceTree = "<group>"; };
		0C37138E17D3FECA00766FD9 /* jmorecfg.h */ = {isa = PBXFileReference; fileEncoding = 4; lastKnownFileType = sourcecode.c.h; path = jmorecfg.h; sourceTree = "<group>"; };
		0C37138F17D3FECA00766FD9 /* jpegcomp.h */ = {isa = PBXFileReference; fileEncoding = 4; lastKnownFileType = sourcecode.c.h; path = jpegcomp.h; sourceTree = "<group>"; };
		0C37139017D3FECA00766FD9 /* jpegint.h */ = {isa = PBXFileReference; fileEncoding = 4; lastKnownFileType = sourcecode.c.h; path = jpegint.h; sourceTree = "<group>"; };
		0C37139117D3FECA00766FD9 /* jpeglib.h */ = {isa = PBXFileReference; fileEncoding = 4; lastKnownFileType = sourcecode.c.h; path = jpeglib.h; sourceTree = "<group>"; };
		0C37139217D3FECA00766FD9 /* jsimd.h */ = {isa = PBXFileReference; fileEncoding = 4; lastKnownFileType = sourcecode.c.h; path = jsimd.h; sourceTree = "<group>"; };
		0C37139317D3FECA00766FD9 /* jsimddct.h */ = {isa = PBXFileReference; fileEncoding = 4; lastKnownFileType = sourcecode.c.h; path = jsimddct.h; sourceTree = "<group>"; };
		0C37139417D3FECA00766FD9 /* jversion.h */ = {isa = PBXFileReference; fileEncoding = 4; lastKnownFileType = sourcecode.c.h; path = jversion.h; sourceTree = "<group>"; };
		0C37139517D3FECA00766FD9 /* libturbojpeg.a */ = {isa = PBXFileReference; lastKnownFileType = archive.ar; path = libturbojpeg.a; sourceTree = "<group>"; };
		0C37139617D3FECA00766FD9 /* tjutil.h */ = {isa = PBXFileReference; fileEncoding = 4; lastKnownFileType = sourcecode.c.h; path = tjutil.h; sourceTree = "<group>"; };
		0C37139717D3FECA00766FD9 /* transupp.h */ = {isa = PBXFileReference; fileEncoding = 4; lastKnownFileType = sourcecode.c.h; path = transupp.h; sourceTree = "<group>"; };
		0C37139817D3FECA00766FD9 /* turbojpeg.h */ = {isa = PBXFileReference; fileEncoding = 4; lastKnownFileType = sourcecode.c.h; path = turbojpeg.h; sourceTree = "<group>"; };
		0C37139B17D3FECA00766FD9 /* NSMutableArray+Dwarf.h */ = {isa = PBXFileReference; fileEncoding = 4; lastKnownFileType = sourcecode.c.h; path = "NSMutableArray+Dwarf.h"; sourceTree = "<group>"; };
		0C37139C17D3FECA00766FD9 /* NSMutableArray+Dwarf.m */ = {isa = PBXFileReference; fileEncoding = 4; lastKnownFileType = sourcecode.c.objc; path = "NSMutableArray+Dwarf.m"; sourceTree = "<group>"; };
		0C37139E17D3FECA00766FD9 /* UIImageView+Dwarf.h */ = {isa = PBXFileReference; fileEncoding = 4; lastKnownFileType = sourcecode.c.h; path = "UIImageView+Dwarf.h"; sourceTree = "<group>"; };
		0C37139F17D3FECA00766FD9 /* UIImageView+Dwarf.m */ = {isa = PBXFileReference; fileEncoding = 4; lastKnownFileType = sourcecode.c.objc; path = "UIImageView+Dwarf.m"; sourceTree = "<group>"; };
		0C3713A017D3FECA00766FD9 /* UIView+Dwarf.h */ = {isa = PBXFileReference; fileEncoding = 4; lastKnownFileType = sourcecode.c.h; path = "UIView+Dwarf.h"; sourceTree = "<group>"; };
		0C3713A117D3FECA00766FD9 /* UIView+Dwarf.m */ = {isa = PBXFileReference; fileEncoding = 4; lastKnownFileType = sourcecode.c.objc; path = "UIView+Dwarf.m"; sourceTree = "<group>"; };
		0C3713A417D3FECA00766FD9 /* DFTask+DFTaskPrivate.h */ = {isa = PBXFileReference; fileEncoding = 4; lastKnownFileType = sourcecode.c.h; path = "DFTask+DFTaskPrivate.h"; sourceTree = "<group>"; };
		0C3713A517D3FECA00766FD9 /* DFTask.h */ = {isa = PBXFileReference; fileEncoding = 4; lastKnownFileType = sourcecode.c.h; path = DFTask.h; sourceTree = "<group>"; };
		0C3713A617D3FECA00766FD9 /* DFTask.m */ = {isa = PBXFileReference; fileEncoding = 4; indentWidth = 4; lastKnownFileType = sourcecode.c.objc; path = DFTask.m; sourceTree = "<group>"; tabWidth = 4; };
		0C3713A717D3FECA00766FD9 /* DFTaskQueue.h */ = {isa = PBXFileReference; fileEncoding = 4; lastKnownFileType = sourcecode.c.h; path = DFTaskQueue.h; sourceTree = "<group>"; };
		0C3713A817D3FECA00766FD9 /* DFTaskQueue.m */ = {isa = PBXFileReference; fileEncoding = 4; lastKnownFileType = sourcecode.c.objc; path = DFTaskQueue.m; sourceTree = "<group>"; };
		0C3713AA17D3FECA00766FD9 /* DFButton.h */ = {isa = PBXFileReference; fileEncoding = 4; lastKnownFileType = sourcecode.c.h; path = DFButton.h; sourceTree = "<group>"; };
		0C3713AB17D3FECA00766FD9 /* DFButton.m */ = {isa = PBXFileReference; fileEncoding = 4; lastKnownFileType = sourcecode.c.objc; path = DFButton.m; sourceTree = "<group>"; };
		0C3713AC17D3FECA00766FD9 /* DFButtonLayout.h */ = {isa = PBXFileReference; fileEncoding = 4; lastKnownFileType = sourcecode.c.h; path = DFButtonLayout.h; sourceTree = "<group>"; };
		0C3713AD17D3FECA00766FD9 /* DFButtonLayout.m */ = {isa = PBXFileReference; fileEncoding = 4; lastKnownFileType = sourcecode.c.objc; path = DFButtonLayout.m; sourceTree = "<group>"; };
		0C3713B017D3FECA00766FD9 /* DFNetworking.h */ = {isa = PBXFileReference; fileEncoding = 4; lastKnownFileType = sourcecode.c.h; path = DFNetworking.h; sourceTree = "<group>"; };
		0C3713B117D3FECA00766FD9 /* DFNetworkingConstants.h */ = {isa = PBXFileReference; fileEncoding = 4; lastKnownFileType = sourcecode.c.h; path = DFNetworkingConstants.h; sourceTree = "<group>"; };
		0C3713B417D3FECA00766FD9 /* DFImageFetchHandler.h */ = {isa = PBXFileReference; fileEncoding = 4; lastKnownFileType = sourcecode.c.h; path = DFImageFetchHandler.h; sourceTree = "<group>"; };
		0C3713B517D3FECA00766FD9 /* DFImageFetchHandler.m */ = {isa = PBXFileReference; fileEncoding = 4; lastKnownFileType = sourcecode.c.objc; path = DFImageFetchHandler.m; sourceTree = "<group>"; };
		0C3713B617D3FECA00766FD9 /* DFImageFetchManager.h */ = {isa = PBXFileReference; fileEncoding = 4; lastKnownFileType = sourcecode.c.h; path = DFImageFetchManager.h; sourceTree = "<group>"; };
		0C3713B717D3FECA00766FD9 /* DFImageFetchManager.m */ = {isa = PBXFileReference; fileEncoding = 4; lastKnownFileType = sourcecode.c.objc; path = DFImageFetchManager.m; sourceTree = "<group>"; };
		0C3713B817D3FECA00766FD9 /* DFImageFetchTask.h */ = {isa = PBXFileReference; fileEncoding = 4; lastKnownFileType = sourcecode.c.h; path = DFImageFetchTask.h; sourceTree = "<group>"; };
		0C3713B917D3FECA00766FD9 /* DFImageFetchTask.m */ = {isa = PBXFileReference; fileEncoding = 4; lastKnownFileType = sourcecode.c.objc; path = DFImageFetchTask.m; sourceTree = "<group>"; };
		0C3713BC17D3FECA00766FD9 /* DFBenchmark.h */ = {isa = PBXFileReference; fileEncoding = 4; lastKnownFileType = sourcecode.c.h; path = DFBenchmark.h; sourceTree = "<group>"; };
		0C3713BD17D3FECA00766FD9 /* DFBenchmark.m */ = {isa = PBXFileReference; fileEncoding = 4; lastKnownFileType = sourcecode.c.objc; path = DFBenchmark.m; sourceTree = "<group>"; };
		0C3713BF17D3FECA00766FD9 /* DFCache.h */ = {isa = PBXFileReference; fileEncoding = 4; lastKnownFileType = sourcecode.c.h; path = DFCache.h; sourceTree = "<group>"; };
		0C3713C017D3FECA00766FD9 /* DFCache.m */ = {isa = PBXFileReference; fileEncoding = 4; lastKnownFileType = sourcecode.c.objc; path = DFCache.m; sourceTree = "<group>"; };
		0C3713C217D3FECA00766FD9 /* DFCrypto.h */ = {isa = PBXFileReference; fileEncoding = 4; lastKnownFileType = sourcecode.c.h; path = DFCrypto.h; sourceTree = "<group>"; };
		0C3713C317D3FECA00766FD9 /* DFCrypto.m */ = {isa = PBXFileReference; fileEncoding = 4; lastKnownFileType = sourcecode.c.objc; path = DFCrypto.m; sourceTree = "<group>"; };
		0C3713C417D3FECA00766FD9 /* DFObjCExtenstions.h */ = {isa = PBXFileReference; fileEncoding = 4; lastKnownFileType = sourcecode.c.h; path = DFObjCExtenstions.h; sourceTree = "<group>"; };
		0C3713C517D3FECA00766FD9 /* DFOptions.h */ = {isa = PBXFileReference; fileEncoding = 4; lastKnownFileType = sourcecode.c.h; path = DFOptions.h; sourceTree = "<group>"; };
		0C3713C717D3FECA00766FD9 /* DFImageFunctions.h */ = {isa = PBXFileReference; fileEncoding = 4; lastKnownFileType = sourcecode.c.h; path = DFImageFunctions.h; sourceTree = "<group>"; };
		0C3713C817D3FECA00766FD9 /* DFImageProcessing.h */ = {isa = PBXFileReference; fileEncoding = 4; lastKnownFileType = sourcecode.c.h; path = DFImageProcessing.h; sourceTree = "<group>"; };
		0C3713C917D3FECA00766FD9 /* DFImageProcessing.m */ = {isa = PBXFileReference; fileEncoding = 4; lastKnownFileType = sourcecode.c.objc; path = DFImageProcessing.m; sourceTree = "<group>"; };
		0C3713CA17D3FECA00766FD9 /* DFJPEGTurbo.h */ = {isa = PBXFileReference; fileEncoding = 4; lastKnownFileType = sourcecode.c.h; path = DFJPEGTurbo.h; sourceTree = "<group>"; };
		0C3713CB17D3FECA00766FD9 /* DFJPEGTurbo.m */ = {isa = PBXFileReference; fileEncoding = 4; lastKnownFileType = sourcecode.c.objc; path = DFJPEGTurbo.m; sourceTree = "<group>"; };
		0C3713CD17D3FECA00766FD9 /* DFTesting.h */ = {isa = PBXFileReference; fileEncoding = 4; lastKnownFileType = sourcecode.c.h; path = DFTesting.h; sourceTree = "<group>"; };
		0C3713CF17D3FECA00766FD9 /* DFImageView.h */ = {isa = PBXFileReference; fileEncoding = 4; lastKnownFileType = sourcecode.c.h; path = DFImageView.h; sourceTree = "<group>"; };
		0C3713D017D3FECA00766FD9 /* DFImageView.m */ = {isa = PBXFileReference; fileEncoding = 4; lastKnownFileType = sourcecode.c.objc; path = DFImageView.m; sourceTree = "<group>"; };
		0C721DDA18060164003695D0 /* DFReusablePool.h */ = {isa = PBXFileReference; fileEncoding = 4; lastKnownFileType = sourcecode.c.h; path = DFReusablePool.h; sourceTree = "<group>"; };
		0C721DDB18060164003695D0 /* DFReusablePool.m */ = {isa = PBXFileReference; fileEncoding = 4; lastKnownFileType = sourcecode.c.objc; path = DFReusablePool.m; sourceTree = "<group>"; };
		0C8C15CD17D406B4004B7DAA /* UIKit.framework */ = {isa = PBXFileReference; lastKnownFileType = wrapper.framework; name = UIKit.framework; path = System/Library/Frameworks/UIKit.framework; sourceTree = SDKROOT; };
		0C8C15CF17D406DD004B7DAA /* Cocoa.framework */ = {isa = PBXFileReference; lastKnownFileType = wrapper.framework; name = Cocoa.framework; path = Platforms/MacOSX.platform/Developer/SDKs/MacOSX10.8.sdk/System/Library/Frameworks/Cocoa.framework; sourceTree = DEVELOPER_DIR; };
		0C8C15E217D40DFC004B7DAA /* DwarfKit Tests iOS.octest */ = {isa = PBXFileReference; explicitFileType = wrapper.cfbundle; includeInIndex = 0; path = "DwarfKit Tests iOS.octest"; sourceTree = BUILT_PRODUCTS_DIR; };
		0C8C15E817D40DFC004B7DAA /* DwarfKit Tests iOS-Info.plist */ = {isa = PBXFileReference; lastKnownFileType = text.plist.xml; path = "DwarfKit Tests iOS-Info.plist"; sourceTree = "<group>"; };
		0C8C15EA17D40DFC004B7DAA /* en */ = {isa = PBXFileReference; lastKnownFileType = text.plist.strings; name = en; path = en.lproj/InfoPlist.strings; sourceTree = "<group>"; };
		0C8C15EF17D40DFC004B7DAA /* DwarfKit Tests iOS-Prefix.pch */ = {isa = PBXFileReference; lastKnownFileType = sourcecode.c.h; path = "DwarfKit Tests iOS-Prefix.pch"; sourceTree = "<group>"; };
		0C8C15F817D40E0C004B7DAA /* DwarfKit Tests Mac.octest */ = {isa = PBXFileReference; explicitFileType = wrapper.cfbundle; includeInIndex = 0; path = "DwarfKit Tests Mac.octest"; sourceTree = BUILT_PRODUCTS_DIR; };
		0C8C15FD17D40E0C004B7DAA /* DwarfKit Tests Mac-Info.plist */ = {isa = PBXFileReference; lastKnownFileType = text.plist.xml; path = "DwarfKit Tests Mac-Info.plist"; sourceTree = "<group>"; };
		0C8C15FF17D40E0C004B7DAA /* en */ = {isa = PBXFileReference; lastKnownFileType = text.plist.strings; name = en; path = en.lproj/InfoPlist.strings; sourceTree = "<group>"; };
		0C8C160117D40E0C004B7DAA /* DwarfKit_Tests_Mac.h */ = {isa = PBXFileReference; lastKnownFileType = sourcecode.c.h; path = DwarfKit_Tests_Mac.h; sourceTree = "<group>"; };
		0C8C160217D40E0C004B7DAA /* DwarfKit_Tests_Mac.m */ = {isa = PBXFileReference; lastKnownFileType = sourcecode.c.objc; path = DwarfKit_Tests_Mac.m; sourceTree = "<group>"; };
		0C8C160417D40E0C004B7DAA /* DwarfKit Tests Mac-Prefix.pch */ = {isa = PBXFileReference; lastKnownFileType = sourcecode.c.h; path = "DwarfKit Tests Mac-Prefix.pch"; sourceTree = "<group>"; };
		0C8C160917D40EB4004B7DAA /* image.jpeg */ = {isa = PBXFileReference; lastKnownFileType = image.jpeg; path = image.jpeg; sourceTree = "<group>"; };
		0C8C160D17D40F9B004B7DAA /* TDFCacheTests.h */ = {isa = PBXFileReference; fileEncoding = 4; lastKnownFileType = sourcecode.c.h; path = TDFCacheTests.h; sourceTree = "<group>"; };
		0C8C160E17D40F9B004B7DAA /* TDFCacheTests.m */ = {isa = PBXFileReference; fileEncoding = 4; lastKnownFileType = sourcecode.c.objc; path = TDFCacheTests.m; sourceTree = "<group>"; };
		0CB5EADB181D7DBF0040CB68 /* DFTaskMultiplexer.h */ = {isa = PBXFileReference; fileEncoding = 4; lastKnownFileType = sourcecode.c.h; path = DFTaskMultiplexer.h; sourceTree = "<group>"; };
		0CB5EADC181D7DBF0040CB68 /* DFTaskMultiplexer.m */ = {isa = PBXFileReference; fileEncoding = 4; lastKnownFileType = sourcecode.c.objc; path = DFTaskMultiplexer.m; sourceTree = "<group>"; };
		0CED041B17D82B8800AEE503 /* DFMapping.h */ = {isa = PBXFileReference; fileEncoding = 4; lastKnownFileType = sourcecode.c.h; path = DFMapping.h; sourceTree = "<group>"; };
		0CED041E17D82C0A00AEE503 /* DFMapper.h */ = {isa = PBXFileReference; fileEncoding = 4; lastKnownFileType = sourcecode.c.h; path = DFMapper.h; sourceTree = "<group>"; };
		0CED041F17D82C0A00AEE503 /* DFMapper.m */ = {isa = PBXFileReference; fileEncoding = 4; lastKnownFileType = sourcecode.c.objc; path = DFMapper.m; sourceTree = "<group>"; };
		0CEDE40D17D44DDA00D617F7 /* CoreGraphics.framework */ = {isa = PBXFileReference; lastKnownFileType = wrapper.framework; name = CoreGraphics.framework; path = System/Library/Frameworks/CoreGraphics.framework; sourceTree = SDKROOT; };
		0CEDE41817D4506800D617F7 /* dwarf_private.h */ = {isa = PBXFileReference; fileEncoding = 4; lastKnownFileType = sourcecode.c.h; path = dwarf_private.h; sourceTree = "<group>"; };
		0CFA33EF17D4734900AE6EEF /* DwarfKit iOS-Prefix.pch */ = {isa = PBXFileReference; fileEncoding = 4; lastKnownFileType = sourcecode.c.h; path = "DwarfKit iOS-Prefix.pch"; sourceTree = "<group>"; };
		0CFA33F017D4734900AE6EEF /* DwarfKit Mac-Prefix.pch */ = {isa = PBXFileReference; fileEncoding = 4; lastKnownFileType = sourcecode.c.h; path = "DwarfKit Mac-Prefix.pch"; sourceTree = "<group>"; };
		0CFC5CBD17D42393001C2951 /* QuartzCore.framework */ = {isa = PBXFileReference; lastKnownFileType = wrapper.framework; name = QuartzCore.framework; path = System/Library/Frameworks/QuartzCore.framework; sourceTree = SDKROOT; };
		0CFCB2821820503600589990 /* DFURLFetchTask.h */ = {isa = PBXFileReference; fileEncoding = 4; lastKnownFileType = sourcecode.c.h; path = DFURLFetchTask.h; sourceTree = "<group>"; };
		0CFCB2831820503600589990 /* DFURLFetchTask.m */ = {isa = PBXFileReference; fileEncoding = 4; lastKnownFileType = sourcecode.c.objc; path = DFURLFetchTask.m; sourceTree = "<group>"; };
		0CFCB28718218B4300589990 /* TDFTasks.h */ = {isa = PBXFileReference; fileEncoding = 4; lastKnownFileType = sourcecode.c.h; path = TDFTasks.h; sourceTree = "<group>"; };
		0CFCB28818218B4300589990 /* TDFTasks.m */ = {isa = PBXFileReference; fileEncoding = 4; lastKnownFileType = sourcecode.c.objc; path = TDFTasks.m; sourceTree = "<group>"; };
/* End PBXFileReference section */

/* Begin PBXFrameworksBuildPhase section */
		0C37135317D3FC2500766FD9 /* Frameworks */ = {
			isa = PBXFrameworksBuildPhase;
			buildActionMask = 2147483647;
			files = (
				0CEDE40E17D44DDA00D617F7 /* CoreGraphics.framework in Frameworks */,
				0CFC5CBF17D423A1001C2951 /* QuartzCore.framework in Frameworks */,
				0C8C15CE17D406B4004B7DAA /* UIKit.framework in Frameworks */,
				0C37135717D3FC2500766FD9 /* Foundation.framework in Frameworks */,
				0C3713F517D3FECA00766FD9 /* libturbojpeg.a in Frameworks */,
			);
			runOnlyForDeploymentPostprocessing = 0;
		};
		0C37136317D3FC3300766FD9 /* Frameworks */ = {
			isa = PBXFrameworksBuildPhase;
			buildActionMask = 2147483647;
			files = (
				0C8C15D117D40704004B7DAA /* Cocoa.framework in Frameworks */,
				0CFC5CC117D423A6001C2951 /* QuartzCore.framework in Frameworks */,
				0CEDE41017D44DE400D617F7 /* CoreGraphics.framework in Frameworks */,
			);
			runOnlyForDeploymentPostprocessing = 0;
		};
		0C37137217D3FC3C00766FD9 /* Frameworks */ = {
			isa = PBXFrameworksBuildPhase;
			buildActionMask = 2147483647;
			files = (
				0C8C15D017D406DD004B7DAA /* Cocoa.framework in Frameworks */,
				0CFC5CC017D423A4001C2951 /* QuartzCore.framework in Frameworks */,
				0CEDE40F17D44DE100D617F7 /* CoreGraphics.framework in Frameworks */,
			);
			runOnlyForDeploymentPostprocessing = 0;
		};
		0C8C15DE17D40DFC004B7DAA /* Frameworks */ = {
			isa = PBXFrameworksBuildPhase;
			buildActionMask = 2147483647;
			files = (
				0CEDE41117D44E7900D617F7 /* CoreGraphics.framework in Frameworks */,
				0CFC5CBC17D42367001C2951 /* libDwarfKit.a in Frameworks */,
				0C8C15E317D40DFC004B7DAA /* SenTestingKit.framework in Frameworks */,
				0C8C15E417D40DFC004B7DAA /* UIKit.framework in Frameworks */,
				0C8C15E517D40DFC004B7DAA /* Foundation.framework in Frameworks */,
			);
			runOnlyForDeploymentPostprocessing = 0;
		};
		0C8C15F417D40E0C004B7DAA /* Frameworks */ = {
			isa = PBXFrameworksBuildPhase;
			buildActionMask = 2147483647;
			files = (
				0C8C15F917D40E0C004B7DAA /* SenTestingKit.framework in Frameworks */,
				0C8C15FA17D40E0C004B7DAA /* Cocoa.framework in Frameworks */,
				0CEDE41217D44E8000D617F7 /* CoreGraphics.framework in Frameworks */,
			);
			runOnlyForDeploymentPostprocessing = 0;
		};
/* End PBXFrameworksBuildPhase section */

/* Begin PBXGroup section */
		0C091D851806B89F000CCB11 /* Processing */ = {
			isa = PBXGroup;
			children = (
				0C091D861806B8AA000CCB11 /* DFProcessingCenter.h */,
				0C091D871806B8AA000CCB11 /* DFProcessingCenter.m */,
				0C091D8E1806B981000CCB11 /* DFProcessingTask.h */,
				0C091D8F1806B981000CCB11 /* DFProcessingTask.m */,
			);
			path = Processing;
			sourceTree = "<group>";
		};
		0C2A95DE17FBEF290016CB20 /* Stream */ = {
			isa = PBXGroup;
			children = (
				0C2A95DF17FBEF290016CB20 /* DFStream.h */,
				0C2A95E017FBEF290016CB20 /* DFStream.m */,
				0C2A95E117FBEF290016CB20 /* DFStreamChain.h */,
				0C2A95E217FBEF290016CB20 /* DFStreamChain.m */,
			);
			path = Stream;
			sourceTree = "<group>";
		};
		0C3712EB17D3F93F00766FD9 = {
			isa = PBXGroup;
			children = (
				0C37138017D3FECA00766FD9 /* DwarfKit */,
				0C8C15E617D40DFC004B7DAA /* DwarfKit Tests iOS */,
				0C8C15FB17D40E0C004B7DAA /* DwarfKit Tests Mac */,
				0C3712F617D3F93F00766FD9 /* Frameworks */,
				0CFA33EE17D4734900AE6EEF /* Supporting Files */,
				0C3712F517D3F93F00766FD9 /* Products */,
			);
			sourceTree = "<group>";
		};
		0C3712F517D3F93F00766FD9 /* Products */ = {
			isa = PBXGroup;
			children = (
				0C37135617D3FC2500766FD9 /* libDwarfKit.a */,
				0C37136617D3FC3300766FD9 /* libDwarfKit-Mac.a */,
				0C37137517D3FC3C00766FD9 /* DwarfKit.dylib */,
				0C8C15E217D40DFC004B7DAA /* DwarfKit Tests iOS.octest */,
				0C8C15F817D40E0C004B7DAA /* DwarfKit Tests Mac.octest */,
			);
			name = Products;
			sourceTree = "<group>";
		};
		0C3712F617D3F93F00766FD9 /* Frameworks */ = {
			isa = PBXGroup;
			children = (
				0CEDE40D17D44DDA00D617F7 /* CoreGraphics.framework */,
				0CFC5CBD17D42393001C2951 /* QuartzCore.framework */,
				0C8C15CF17D406DD004B7DAA /* Cocoa.framework */,
				0C3712F717D3F93F00766FD9 /* Foundation.framework */,
				0C37130617D3F93F00766FD9 /* SenTestingKit.framework */,
				0C8C15CD17D406B4004B7DAA /* UIKit.framework */,
				0C37132617D3F9C700766FD9 /* Other Frameworks */,
			);
			name = Frameworks;
			sourceTree = "<group>";
		};
		0C37132617D3F9C700766FD9 /* Other Frameworks */ = {
			isa = PBXGroup;
			children = (
				0C37132717D3F9C700766FD9 /* AppKit.framework */,
				0C37132817D3F9C700766FD9 /* CoreData.framework */,
				0C37132917D3F9C700766FD9 /* Foundation.framework */,
			);
			name = "Other Frameworks";
			sourceTree = "<group>";
		};
		0C37138017D3FECA00766FD9 /* DwarfKit */ = {
			isa = PBXGroup;
			children = (
				0C37138117D3FECA00766FD9 /* 3rd Party */,
				0C37139917D3FECA00766FD9 /* Categories */,
				0C3713A217D3FECA00766FD9 /* Concurrency */,
				0C3713A917D3FECA00766FD9 /* Controls */,
				0CED041917D8161100AEE503 /* MVC */,
				0C3713AF17D3FECA00766FD9 /* Networking */,
				0C3713BA17D3FECA00766FD9 /* Tools */,
				0C3713CE17D3FECA00766FD9 /* Views */,
				0CEDE41717D4503C00D617F7 /* Private */,
			);
			path = DwarfKit;
			sourceTree = "<group>";
		};
		0C37138117D3FECA00766FD9 /* 3rd Party */ = {
			isa = PBXGroup;
			children = (
				0C37138217D3FECA00766FD9 /* libturbojpeg */,
			);
			path = "3rd Party";
			sourceTree = "<group>";
		};
		0C37138217D3FECA00766FD9 /* libturbojpeg */ = {
			isa = PBXGroup;
			children = (
				0C37138317D3FECA00766FD9 /* bmp.h */,
				0C37138417D3FECA00766FD9 /* cderror.h */,
				0C37138517D3FECA00766FD9 /* cdjpeg.h */,
				0C37138617D3FECA00766FD9 /* config.h */,
				0C37138717D3FECA00766FD9 /* jchuff.h */,
				0C37138817D3FECA00766FD9 /* jconfig.h */,
				0C37138917D3FECA00766FD9 /* jdct.h */,
				0C37138A17D3FECA00766FD9 /* jdhuff.h */,
				0C37138B17D3FECA00766FD9 /* jerror.h */,
				0C37138C17D3FECA00766FD9 /* jinclude.h */,
				0C37138D17D3FECA00766FD9 /* jmemsys.h */,
				0C37138E17D3FECA00766FD9 /* jmorecfg.h */,
				0C37138F17D3FECA00766FD9 /* jpegcomp.h */,
				0C37139017D3FECA00766FD9 /* jpegint.h */,
				0C37139117D3FECA00766FD9 /* jpeglib.h */,
				0C37139217D3FECA00766FD9 /* jsimd.h */,
				0C37139317D3FECA00766FD9 /* jsimddct.h */,
				0C37139417D3FECA00766FD9 /* jversion.h */,
				0C37139517D3FECA00766FD9 /* libturbojpeg.a */,
				0C37139617D3FECA00766FD9 /* tjutil.h */,
				0C37139717D3FECA00766FD9 /* transupp.h */,
				0C37139817D3FECA00766FD9 /* turbojpeg.h */,
			);
			path = libturbojpeg;
			sourceTree = "<group>";
		};
		0C37139917D3FECA00766FD9 /* Categories */ = {
			isa = PBXGroup;
			children = (
				0C37139A17D3FECA00766FD9 /* FoundationKit */,
				0C37139D17D3FECA00766FD9 /* UIKit */,
			);
			path = Categories;
			sourceTree = "<group>";
		};
		0C37139A17D3FECA00766FD9 /* FoundationKit */ = {
			isa = PBXGroup;
			children = (
				0C37139B17D3FECA00766FD9 /* NSMutableArray+Dwarf.h */,
				0C37139C17D3FECA00766FD9 /* NSMutableArray+Dwarf.m */,
			);
			path = FoundationKit;
			sourceTree = "<group>";
		};
		0C37139D17D3FECA00766FD9 /* UIKit */ = {
			isa = PBXGroup;
			children = (
				0C37139E17D3FECA00766FD9 /* UIImageView+Dwarf.h */,
				0C37139F17D3FECA00766FD9 /* UIImageView+Dwarf.m */,
				0C3713A017D3FECA00766FD9 /* UIView+Dwarf.h */,
				0C3713A117D3FECA00766FD9 /* UIView+Dwarf.m */,
			);
			path = UIKit;
			sourceTree = "<group>";
		};
		0C3713A217D3FECA00766FD9 /* Concurrency */ = {
			isa = PBXGroup;
			children = (
				0C3713A317D3FECA00766FD9 /* Tasks */,
				0C091D851806B89F000CCB11 /* Processing */,
			);
			path = Concurrency;
			sourceTree = "<group>";
		};
		0C3713A317D3FECA00766FD9 /* Tasks */ = {
			isa = PBXGroup;
			children = (
				0C3713A517D3FECA00766FD9 /* DFTask.h */,
				0C3713A617D3FECA00766FD9 /* DFTask.m */,
				0C3713A717D3FECA00766FD9 /* DFTaskQueue.h */,
				0C3713A817D3FECA00766FD9 /* DFTaskQueue.m */,
				0CB5EADB181D7DBF0040CB68 /* DFTaskMultiplexer.h */,
				0CB5EADC181D7DBF0040CB68 /* DFTaskMultiplexer.m */,
				0C3713A417D3FECA00766FD9 /* DFTask+DFTaskPrivate.h */,
			);
			path = Tasks;
			sourceTree = "<group>";
		};
		0C3713A917D3FECA00766FD9 /* Controls */ = {
			isa = PBXGroup;
			children = (
				0C3713AA17D3FECA00766FD9 /* DFButton.h */,
				0C3713AB17D3FECA00766FD9 /* DFButton.m */,
				0C3713AC17D3FECA00766FD9 /* DFButtonLayout.h */,
				0C3713AD17D3FECA00766FD9 /* DFButtonLayout.m */,
			);
			path = Controls;
			sourceTree = "<group>";
		};
		0C3713AF17D3FECA00766FD9 /* Networking */ = {
			isa = PBXGroup;
			children = (
				0C3713B017D3FECA00766FD9 /* DFNetworking.h */,
				0C3713B117D3FECA00766FD9 /* DFNetworkingConstants.h */,
				0CFCB2821820503600589990 /* DFURLFetchTask.h */,
				0CFCB2831820503600589990 /* DFURLFetchTask.m */,
				0C3713B217D3FECA00766FD9 /* Image Fetching */,
			);
			path = Networking;
			sourceTree = "<group>";
		};
		0C3713B217D3FECA00766FD9 /* Image Fetching */ = {
			isa = PBXGroup;
			children = (
				0C3713B417D3FECA00766FD9 /* DFImageFetchHandler.h */,
				0C3713B517D3FECA00766FD9 /* DFImageFetchHandler.m */,
				0C3713B617D3FECA00766FD9 /* DFImageFetchManager.h */,
				0C3713B717D3FECA00766FD9 /* DFImageFetchManager.m */,
				0C3713B817D3FECA00766FD9 /* DFImageFetchTask.h */,
				0C3713B917D3FECA00766FD9 /* DFImageFetchTask.m */,
			);
			path = "Image Fetching";
			sourceTree = "<group>";
		};
		0C3713BA17D3FECA00766FD9 /* Tools */ = {
			isa = PBXGroup;
			children = (
				0C3713C417D3FECA00766FD9 /* DFObjCExtenstions.h */,
				0C3713C517D3FECA00766FD9 /* DFOptions.h */,
				0C721DD918060143003695D0 /* Reusing */,
				0C3713BB17D3FECA00766FD9 /* Benchmark */,
				0C3713BE17D3FECA00766FD9 /* Caching */,
				0C3713C117D3FECA00766FD9 /* Crypto */,
				0C3713C617D3FECA00766FD9 /* Images */,
				0C3713CC17D3FECA00766FD9 /* Testing */,
			);
			path = Tools;
			sourceTree = "<group>";
		};
		0C3713BB17D3FECA00766FD9 /* Benchmark */ = {
			isa = PBXGroup;
			children = (
				0C3713BC17D3FECA00766FD9 /* DFBenchmark.h */,
				0C3713BD17D3FECA00766FD9 /* DFBenchmark.m */,
			);
			path = Benchmark;
			sourceTree = "<group>";
		};
		0C3713BE17D3FECA00766FD9 /* Caching */ = {
			isa = PBXGroup;
			children = (
				0C3713BF17D3FECA00766FD9 /* DFCache.h */,
				0C3713C017D3FECA00766FD9 /* DFCache.m */,
			);
			path = Caching;
			sourceTree = "<group>";
		};
		0C3713C117D3FECA00766FD9 /* Crypto */ = {
			isa = PBXGroup;
			children = (
				0C3713C217D3FECA00766FD9 /* DFCrypto.h */,
				0C3713C317D3FECA00766FD9 /* DFCrypto.m */,
			);
			path = Crypto;
			sourceTree = "<group>";
		};
		0C3713C617D3FECA00766FD9 /* Images */ = {
			isa = PBXGroup;
			children = (
				0C3713C717D3FECA00766FD9 /* DFImageFunctions.h */,
				0C3713C817D3FECA00766FD9 /* DFImageProcessing.h */,
				0C3713C917D3FECA00766FD9 /* DFImageProcessing.m */,
				0C3713CA17D3FECA00766FD9 /* DFJPEGTurbo.h */,
				0C3713CB17D3FECA00766FD9 /* DFJPEGTurbo.m */,
			);
			path = Images;
			sourceTree = "<group>";
		};
		0C3713CC17D3FECA00766FD9 /* Testing */ = {
			isa = PBXGroup;
			children = (
				0C3713CD17D3FECA00766FD9 /* DFTesting.h */,
			);
			path = Testing;
			sourceTree = "<group>";
		};
		0C3713CE17D3FECA00766FD9 /* Views */ = {
			isa = PBXGroup;
			children = (
				0C3713CF17D3FECA00766FD9 /* DFImageView.h */,
				0C3713D017D3FECA00766FD9 /* DFImageView.m */,
			);
			path = Views;
			sourceTree = "<group>";
		};
		0C721DD918060143003695D0 /* Reusing */ = {
			isa = PBXGroup;
			children = (
				0C721DDA18060164003695D0 /* DFReusablePool.h */,
				0C721DDB18060164003695D0 /* DFReusablePool.m */,
			);
			path = Reusing;
			sourceTree = "<group>";
		};
		0C8C15E617D40DFC004B7DAA /* DwarfKit Tests iOS */ = {
			isa = PBXGroup;
			children = (
				0C8C160B17D40EDB004B7DAA /* Test Suites */,
				0C8C160817D40EA7004B7DAA /* Resources */,
				0C8C15E717D40DFC004B7DAA /* Supporting Files */,
			);
			path = "DwarfKit Tests iOS";
			sourceTree = "<group>";
		};
		0C8C15E717D40DFC004B7DAA /* Supporting Files */ = {
			isa = PBXGroup;
			children = (
				0C8C15E817D40DFC004B7DAA /* DwarfKit Tests iOS-Info.plist */,
				0C8C15E917D40DFC004B7DAA /* InfoPlist.strings */,
				0C8C15EF17D40DFC004B7DAA /* DwarfKit Tests iOS-Prefix.pch */,
			);
			name = "Supporting Files";
			sourceTree = "<group>";
		};
		0C8C15FB17D40E0C004B7DAA /* DwarfKit Tests Mac */ = {
			isa = PBXGroup;
			children = (
				0C8C160117D40E0C004B7DAA /* DwarfKit_Tests_Mac.h */,
				0C8C160217D40E0C004B7DAA /* DwarfKit_Tests_Mac.m */,
				0C8C15FC17D40E0C004B7DAA /* Supporting Files */,
			);
			path = "DwarfKit Tests Mac";
			sourceTree = "<group>";
		};
		0C8C15FC17D40E0C004B7DAA /* Supporting Files */ = {
			isa = PBXGroup;
			children = (
				0C8C15FD17D40E0C004B7DAA /* DwarfKit Tests Mac-Info.plist */,
				0C8C15FE17D40E0C004B7DAA /* InfoPlist.strings */,
				0C8C160417D40E0C004B7DAA /* DwarfKit Tests Mac-Prefix.pch */,
			);
			name = "Supporting Files";
			sourceTree = "<group>";
		};
		0C8C160817D40EA7004B7DAA /* Resources */ = {
			isa = PBXGroup;
			children = (
				0C8C160917D40EB4004B7DAA /* image.jpeg */,
			);
			path = Resources;
			sourceTree = "<group>";
		};
		0C8C160B17D40EDB004B7DAA /* Test Suites */ = {
			isa = PBXGroup;
			children = (
				0CFCB28618218B3800589990 /* Tasks */,
				0C8C160C17D40F00004B7DAA /* Caching */,
			);
			path = "Test Suites";
			sourceTree = "<group>";
		};
		0C8C160C17D40F00004B7DAA /* Caching */ = {
			isa = PBXGroup;
			children = (
				0C8C160D17D40F9B004B7DAA /* TDFCacheTests.h */,
				0C8C160E17D40F9B004B7DAA /* TDFCacheTests.m */,
			);
			path = Caching;
			sourceTree = "<group>";
		};
		0CED041917D8161100AEE503 /* MVC */ = {
			isa = PBXGroup;
			children = (
				0C2A95DE17FBEF290016CB20 /* Stream */,
				0CED041A17D8162100AEE503 /* Mapping */,
			);
			path = MVC;
			sourceTree = "<group>";
		};
		0CED041A17D8162100AEE503 /* Mapping */ = {
			isa = PBXGroup;
			children = (
				0CED041B17D82B8800AEE503 /* DFMapping.h */,
				0CED041E17D82C0A00AEE503 /* DFMapper.h */,
				0CED041F17D82C0A00AEE503 /* DFMapper.m */,
			);
			path = Mapping;
			sourceTree = "<group>";
		};
		0CEDE41717D4503C00D617F7 /* Private */ = {
			isa = PBXGroup;
			children = (
				0CEDE41817D4506800D617F7 /* dwarf_private.h */,
			);
			path = Private;
			sourceTree = "<group>";
		};
		0CFA33EE17D4734900AE6EEF /* Supporting Files */ = {
			isa = PBXGroup;
			children = (
				0CFA33EF17D4734900AE6EEF /* DwarfKit iOS-Prefix.pch */,
				0CFA33F017D4734900AE6EEF /* DwarfKit Mac-Prefix.pch */,
			);
			path = "Supporting Files";
			sourceTree = "<group>";
		};
		0CFCB28618218B3800589990 /* Tasks */ = {
			isa = PBXGroup;
			children = (
				0CFCB28718218B4300589990 /* TDFTasks.h */,
				0CFCB28818218B4300589990 /* TDFTasks.m */,
			);
			path = Tasks;
			sourceTree = "<group>";
		};
/* End PBXGroup section */

/* Begin PBXHeadersBuildPhase section */
		0C37136417D3FC3300766FD9 /* Headers */ = {
			isa = PBXHeadersBuildPhase;
			buildActionMask = 2147483647;
			files = (
				0C3713D217D3FECA00766FD9 /* bmp.h in Headers */,
				0C3713D417D3FECA00766FD9 /* cderror.h in Headers */,
				0C3713D617D3FECA00766FD9 /* cdjpeg.h in Headers */,
				0C3713D817D3FECA00766FD9 /* config.h in Headers */,
				0C3713DA17D3FECA00766FD9 /* jchuff.h in Headers */,
				0C3713DC17D3FECA00766FD9 /* jconfig.h in Headers */,
				0C3713DE17D3FECA00766FD9 /* jdct.h in Headers */,
				0C3713E017D3FECA00766FD9 /* jdhuff.h in Headers */,
				0C3713E217D3FECA00766FD9 /* jerror.h in Headers */,
				0C3713E417D3FECA00766FD9 /* jinclude.h in Headers */,
				0C3713E617D3FECA00766FD9 /* jmemsys.h in Headers */,
				0C3713E817D3FECA00766FD9 /* jmorecfg.h in Headers */,
				0C3713EA17D3FECA00766FD9 /* jpegcomp.h in Headers */,
				0C3713EC17D3FECA00766FD9 /* jpegint.h in Headers */,
				0C3713EE17D3FECA00766FD9 /* jpeglib.h in Headers */,
				0C3713F017D3FECA00766FD9 /* jsimd.h in Headers */,
				0C3713F217D3FECA00766FD9 /* jsimddct.h in Headers */,
				0C3713F417D3FECA00766FD9 /* jversion.h in Headers */,
				0C3713F917D3FECA00766FD9 /* tjutil.h in Headers */,
				0C3713FB17D3FECA00766FD9 /* transupp.h in Headers */,
				0C3713FD17D3FECA00766FD9 /* turbojpeg.h in Headers */,
				0C3713FF17D3FECA00766FD9 /* NSMutableArray+Dwarf.h in Headers */,
				0C37140E17D3FECA00766FD9 /* DFTask+DFTaskPrivate.h in Headers */,
				0C37141017D3FECA00766FD9 /* DFTask.h in Headers */,
				0C37141517D3FECA00766FD9 /* DFTaskQueue.h in Headers */,
				0C37141F17D3FECA00766FD9 /* DFButtonLayout.h in Headers */,
				0C37142817D3FECA00766FD9 /* DFNetworkingConstants.h in Headers */,
				0C37143B17D3FECA00766FD9 /* DFBenchmark.h in Headers */,
				0C37144017D3FECA00766FD9 /* DFCache.h in Headers */,
				0C37144517D3FECA00766FD9 /* DFCrypto.h in Headers */,
				0C37144A17D3FECA00766FD9 /* DFObjCExtenstions.h in Headers */,
				0C37144C17D3FECA00766FD9 /* DFOptions.h in Headers */,
				0C37144E17D3FECA00766FD9 /* DFImageFunctions.h in Headers */,
				0C37145A17D3FECA00766FD9 /* DFTesting.h in Headers */,
				0CEDE41A17D4506800D617F7 /* dwarf_private.h in Headers */,
				0CFA33F217D4734900AE6EEF /* DwarfKit iOS-Prefix.pch in Headers */,
				0CFA33F417D4734900AE6EEF /* DwarfKit Mac-Prefix.pch in Headers */,
				0CED041D17D82B8800AEE503 /* DFMapping.h in Headers */,
				0CED042117D82C0A00AEE503 /* DFMapper.h in Headers */,
			);
			runOnlyForDeploymentPostprocessing = 0;
		};
		0C37137317D3FC3C00766FD9 /* Headers */ = {
			isa = PBXHeadersBuildPhase;
			buildActionMask = 2147483647;
			files = (
				0C3713D117D3FECA00766FD9 /* bmp.h in Headers */,
				0C3713D317D3FECA00766FD9 /* cderror.h in Headers */,
				0C3713D517D3FECA00766FD9 /* cdjpeg.h in Headers */,
				0C3713D717D3FECA00766FD9 /* config.h in Headers */,
				0C3713D917D3FECA00766FD9 /* jchuff.h in Headers */,
				0C3713DB17D3FECA00766FD9 /* jconfig.h in Headers */,
				0C3713DD17D3FECA00766FD9 /* jdct.h in Headers */,
				0C3713DF17D3FECA00766FD9 /* jdhuff.h in Headers */,
				0C3713E117D3FECA00766FD9 /* jerror.h in Headers */,
				0C3713E317D3FECA00766FD9 /* jinclude.h in Headers */,
				0C3713E517D3FECA00766FD9 /* jmemsys.h in Headers */,
				0C3713E717D3FECA00766FD9 /* jmorecfg.h in Headers */,
				0C3713E917D3FECA00766FD9 /* jpegcomp.h in Headers */,
				0C3713EB17D3FECA00766FD9 /* jpegint.h in Headers */,
				0C3713ED17D3FECA00766FD9 /* jpeglib.h in Headers */,
				0C3713EF17D3FECA00766FD9 /* jsimd.h in Headers */,
				0C3713F117D3FECA00766FD9 /* jsimddct.h in Headers */,
				0C3713F317D3FECA00766FD9 /* jversion.h in Headers */,
				0C3713F817D3FECA00766FD9 /* tjutil.h in Headers */,
				0C3713FA17D3FECA00766FD9 /* transupp.h in Headers */,
				0C3713FC17D3FECA00766FD9 /* turbojpeg.h in Headers */,
				0C3713FE17D3FECA00766FD9 /* NSMutableArray+Dwarf.h in Headers */,
				0C37140D17D3FECA00766FD9 /* DFTask+DFTaskPrivate.h in Headers */,
				0C37140F17D3FECA00766FD9 /* DFTask.h in Headers */,
				0C37141417D3FECA00766FD9 /* DFTaskQueue.h in Headers */,
				0C37141E17D3FECA00766FD9 /* DFButtonLayout.h in Headers */,
				0C37142717D3FECA00766FD9 /* DFNetworkingConstants.h in Headers */,
				0C37143A17D3FECA00766FD9 /* DFBenchmark.h in Headers */,
				0C37143F17D3FECA00766FD9 /* DFCache.h in Headers */,
				0C37144417D3FECA00766FD9 /* DFCrypto.h in Headers */,
				0C37144917D3FECA00766FD9 /* DFObjCExtenstions.h in Headers */,
				0C37144B17D3FECA00766FD9 /* DFOptions.h in Headers */,
				0C37144D17D3FECA00766FD9 /* DFImageFunctions.h in Headers */,
				0C37145917D3FECA00766FD9 /* DFTesting.h in Headers */,
				0CEDE41917D4506800D617F7 /* dwarf_private.h in Headers */,
				0CFA33F117D4734900AE6EEF /* DwarfKit iOS-Prefix.pch in Headers */,
				0CFA33F317D4734900AE6EEF /* DwarfKit Mac-Prefix.pch in Headers */,
				0CED041C17D82B8800AEE503 /* DFMapping.h in Headers */,
				0CED042017D82C0A00AEE503 /* DFMapper.h in Headers */,
			);
			runOnlyForDeploymentPostprocessing = 0;
		};
/* End PBXHeadersBuildPhase section */

/* Begin PBXNativeTarget section */
		0C37135517D3FC2500766FD9 /* DwarfKit iOS */ = {
			isa = PBXNativeTarget;
			buildConfigurationList = 0C37135F17D3FC2500766FD9 /* Build configuration list for PBXNativeTarget "DwarfKit iOS" */;
			buildPhases = (
				0C37135217D3FC2500766FD9 /* Sources */,
				0C37135317D3FC2500766FD9 /* Frameworks */,
				0C37135417D3FC2500766FD9 /* CopyFiles */,
			);
			buildRules = (
			);
			dependencies = (
			);
			name = "DwarfKit iOS";
			productName = "DwarfKit iOS";
			productReference = 0C37135617D3FC2500766FD9 /* libDwarfKit.a */;
			productType = "com.apple.product-type.library.static";
		};
		0C37136517D3FC3300766FD9 /* DwarfKit Mac Static */ = {
			isa = PBXNativeTarget;
			buildConfigurationList = 0C37136E17D3FC3300766FD9 /* Build configuration list for PBXNativeTarget "DwarfKit Mac Static" */;
			buildPhases = (
				0C37136217D3FC3300766FD9 /* Sources */,
				0C37136317D3FC3300766FD9 /* Frameworks */,
				0C37136417D3FC3300766FD9 /* Headers */,
			);
			buildRules = (
			);
			dependencies = (
			);
			name = "DwarfKit Mac Static";
			productName = "DwarfKit Mac Static";
			productReference = 0C37136617D3FC3300766FD9 /* libDwarfKit-Mac.a */;
			productType = "com.apple.product-type.library.static";
		};
		0C37137417D3FC3C00766FD9 /* DwarfKit Mac Dynamic */ = {
			isa = PBXNativeTarget;
			buildConfigurationList = 0C37137D17D3FC3D00766FD9 /* Build configuration list for PBXNativeTarget "DwarfKit Mac Dynamic" */;
			buildPhases = (
				0C37137117D3FC3C00766FD9 /* Sources */,
				0C37137217D3FC3C00766FD9 /* Frameworks */,
				0C37137317D3FC3C00766FD9 /* Headers */,
			);
			buildRules = (
			);
			dependencies = (
			);
			name = "DwarfKit Mac Dynamic";
			productName = "DwarfKit Mac Dynamic";
			productReference = 0C37137517D3FC3C00766FD9 /* DwarfKit.dylib */;
			productType = "com.apple.product-type.library.dynamic";
		};
		0C8C15E117D40DFC004B7DAA /* DwarfKit Tests iOS */ = {
			isa = PBXNativeTarget;
			buildConfigurationList = 0C8C15F017D40DFC004B7DAA /* Build configuration list for PBXNativeTarget "DwarfKit Tests iOS" */;
			buildPhases = (
				0C8C15DD17D40DFC004B7DAA /* Sources */,
				0C8C15DE17D40DFC004B7DAA /* Frameworks */,
				0C8C15DF17D40DFC004B7DAA /* Resources */,
				0C8C15E017D40DFC004B7DAA /* ShellScript */,
			);
			buildRules = (
			);
			dependencies = (
				0CFC5CB717D42118001C2951 /* PBXTargetDependency */,
			);
			name = "DwarfKit Tests iOS";
			productName = "DwarfKit Tests iOS";
			productReference = 0C8C15E217D40DFC004B7DAA /* DwarfKit Tests iOS.octest */;
			productType = "com.apple.product-type.bundle";
		};
		0C8C15F717D40E0C004B7DAA /* DwarfKit Tests Mac */ = {
			isa = PBXNativeTarget;
			buildConfigurationList = 0C8C160517D40E0C004B7DAA /* Build configuration list for PBXNativeTarget "DwarfKit Tests Mac" */;
			buildPhases = (
				0C8C15F317D40E0C004B7DAA /* Sources */,
				0C8C15F417D40E0C004B7DAA /* Frameworks */,
				0C8C15F517D40E0C004B7DAA /* Resources */,
				0C8C15F617D40E0C004B7DAA /* ShellScript */,
			);
			buildRules = (
			);
			dependencies = (
				0CFC5CB917D4211C001C2951 /* PBXTargetDependency */,
				0CFC5CBB17D4211C001C2951 /* PBXTargetDependency */,
			);
			name = "DwarfKit Tests Mac";
			productName = "DwarfKit Tests Mac";
			productReference = 0C8C15F817D40E0C004B7DAA /* DwarfKit Tests Mac.octest */;
			productType = "com.apple.product-type.bundle";
		};
/* End PBXNativeTarget section */

/* Begin PBXProject section */
		0C3712EC17D3F93F00766FD9 /* Project object */ = {
			isa = PBXProject;
			attributes = {
				LastUpgradeCheck = 0500;
				ORGANIZATIONNAME = com.github.kean;
			};
			buildConfigurationList = 0C3712EF17D3F93F00766FD9 /* Build configuration list for PBXProject "DwarfKit" */;
			compatibilityVersion = "Xcode 3.2";
			developmentRegion = English;
			hasScannedForEncodings = 0;
			knownRegions = (
				en,
			);
			mainGroup = 0C3712EB17D3F93F00766FD9;
			productRefGroup = 0C3712F517D3F93F00766FD9 /* Products */;
			projectDirPath = "";
			projectRoot = "";
			targets = (
				0C37135517D3FC2500766FD9 /* DwarfKit iOS */,
				0C37137417D3FC3C00766FD9 /* DwarfKit Mac Dynamic */,
				0C37136517D3FC3300766FD9 /* DwarfKit Mac Static */,
				0C8C15E117D40DFC004B7DAA /* DwarfKit Tests iOS */,
				0C8C15F717D40E0C004B7DAA /* DwarfKit Tests Mac */,
			);
		};
/* End PBXProject section */

/* Begin PBXResourcesBuildPhase section */
		0C8C15DF17D40DFC004B7DAA /* Resources */ = {
			isa = PBXResourcesBuildPhase;
			buildActionMask = 2147483647;
			files = (
				0C8C15EB17D40DFC004B7DAA /* InfoPlist.strings in Resources */,
				0C8C160A17D40EB4004B7DAA /* image.jpeg in Resources */,
			);
			runOnlyForDeploymentPostprocessing = 0;
		};
		0C8C15F517D40E0C004B7DAA /* Resources */ = {
			isa = PBXResourcesBuildPhase;
			buildActionMask = 2147483647;
			files = (
				0C8C160017D40E0C004B7DAA /* InfoPlist.strings in Resources */,
			);
			runOnlyForDeploymentPostprocessing = 0;
		};
/* End PBXResourcesBuildPhase section */

/* Begin PBXShellScriptBuildPhase section */
		0C8C15E017D40DFC004B7DAA /* ShellScript */ = {
			isa = PBXShellScriptBuildPhase;
			buildActionMask = 2147483647;
			files = (
			);
			inputPaths = (
			);
			outputPaths = (
			);
			runOnlyForDeploymentPostprocessing = 0;
			shellPath = /bin/sh;
			shellScript = "# Run the unit tests in this test bundle.\n\"${SYSTEM_DEVELOPER_DIR}/Tools/RunUnitTests\"\n";
		};
		0C8C15F617D40E0C004B7DAA /* ShellScript */ = {
			isa = PBXShellScriptBuildPhase;
			buildActionMask = 2147483647;
			files = (
			);
			inputPaths = (
			);
			outputPaths = (
			);
			runOnlyForDeploymentPostprocessing = 0;
			shellPath = /bin/sh;
			shellScript = "# Run the unit tests in this test bundle.\n\"${SYSTEM_DEVELOPER_DIR}/Tools/RunUnitTests\"\n";
		};
/* End PBXShellScriptBuildPhase section */

/* Begin PBXSourcesBuildPhase section */
		0C37135217D3FC2500766FD9 /* Sources */ = {
			isa = PBXSourcesBuildPhase;
			buildActionMask = 2147483647;
			files = (
				0C37140017D3FECA00766FD9 /* NSMutableArray+Dwarf.m in Sources */,
				0C721DDC18060164003695D0 /* DFReusablePool.m in Sources */,
				0C37140517D3FECA00766FD9 /* UIImageView+Dwarf.m in Sources */,
				0C37141117D3FECA00766FD9 /* DFTask.m in Sources */,
				0C2A95E317FBEF290016CB20 /* DFStream.m in Sources */,
				0C37141617D3FECA00766FD9 /* DFTaskQueue.m in Sources */,
				0C37141B17D3FECA00766FD9 /* DFButton.m in Sources */,
				0C37142017D3FECA00766FD9 /* DFButtonLayout.m in Sources */,
				0C37143217D3FECA00766FD9 /* DFImageFetchManager.m in Sources */,
				0C37143717D3FECA00766FD9 /* DFImageFetchTask.m in Sources */,
				0CB5EADD181D7DBF0040CB68 /* DFTaskMultiplexer.m in Sources */,
				0C37143C17D3FECA00766FD9 /* DFBenchmark.m in Sources */,
				0C091D901806B981000CCB11 /* DFProcessingTask.m in Sources */,
				0C37144117D3FECA00766FD9 /* DFCache.m in Sources */,
				0C2A95E517FBEF290016CB20 /* DFStreamChain.m in Sources */,
				0C37144617D3FECA00766FD9 /* DFCrypto.m in Sources */,
				0C37145117D3FECA00766FD9 /* DFImageProcessing.m in Sources */,
				0C37145617D3FECA00766FD9 /* DFJPEGTurbo.m in Sources */,
				0C37146117D3FFE600766FD9 /* DFImageView.m in Sources */,
				0C37146717D4006B00766FD9 /* DFImageFetchHandler.m in Sources */,
				0C37146817D4007E00766FD9 /* UIView+Dwarf.m in Sources */,
				0CFCB2841820503600589990 /* DFURLFetchTask.m in Sources */,
				0CED042217D82C0A00AEE503 /* DFMapper.m in Sources */,
				0C091D881806B8AA000CCB11 /* DFProcessingCenter.m in Sources */,
			);
			runOnlyForDeploymentPostprocessing = 0;
		};
		0C37136217D3FC3300766FD9 /* Sources */ = {
			isa = PBXSourcesBuildPhase;
			buildActionMask = 2147483647;
			files = (
				0C37140217D3FECA00766FD9 /* NSMutableArray+Dwarf.m in Sources */,
				0C37141317D3FECA00766FD9 /* DFTask.m in Sources */,
				0C37141817D3FECA00766FD9 /* DFTaskQueue.m in Sources */,
				0C37143E17D3FECA00766FD9 /* DFBenchmark.m in Sources */,
				0C37144317D3FECA00766FD9 /* DFCache.m in Sources */,
				0C37144817D3FECA00766FD9 /* DFCrypto.m in Sources */,
				0CED042417D82C0A00AEE503 /* DFMapper.m in Sources */,
			);
			runOnlyForDeploymentPostprocessing = 0;
		};
		0C37137117D3FC3C00766FD9 /* Sources */ = {
			isa = PBXSourcesBuildPhase;
			buildActionMask = 2147483647;
			files = (
				0C37140117D3FECA00766FD9 /* NSMutableArray+Dwarf.m in Sources */,
				0C37141217D3FECA00766FD9 /* DFTask.m in Sources */,
				0C37141717D3FECA00766FD9 /* DFTaskQueue.m in Sources */,
				0C37143D17D3FECA00766FD9 /* DFBenchmark.m in Sources */,
				0C37144217D3FECA00766FD9 /* DFCache.m in Sources */,
				0C37144717D3FECA00766FD9 /* DFCrypto.m in Sources */,
				0CED042317D82C0A00AEE503 /* DFMapper.m in Sources */,
			);
			runOnlyForDeploymentPostprocessing = 0;
		};
		0C8C15DD17D40DFC004B7DAA /* Sources */ = {
			isa = PBXSourcesBuildPhase;
			buildActionMask = 2147483647;
			files = (
				0CFCB28A18218B4300589990 /* TDFTasks.m in Sources */,
				0C8C160F17D40F9B004B7DAA /* TDFCacheTests.m in Sources */,
				0CB5EADE181D7DBF0040CB68 /* DFTaskMultiplexer.m in Sources */,
				0C721DDD18060164003695D0 /* DFReusablePool.m in Sources */,
				0C2A95E417FBEF290016CB20 /* DFStream.m in Sources */,
				0C2A95E617FBEF290016CB20 /* DFStreamChain.m in Sources */,
				0CFCB2851820503600589990 /* DFURLFetchTask.m in Sources */,
				0C091D911806B981000CCB11 /* DFProcessingTask.m in Sources */,
				0C091D891806B8AA000CCB11 /* DFProcessingCenter.m in Sources */,
			);
			runOnlyForDeploymentPostprocessing = 0;
		};
		0C8C15F317D40E0C004B7DAA /* Sources */ = {
			isa = PBXSourcesBuildPhase;
			buildActionMask = 2147483647;
			files = (
				0C8C160317D40E0C004B7DAA /* DwarfKit_Tests_Mac.m in Sources */,
			);
			runOnlyForDeploymentPostprocessing = 0;
		};
/* End PBXSourcesBuildPhase section */

/* Begin PBXTargetDependency section */
		0CFC5CB717D42118001C2951 /* PBXTargetDependency */ = {
			isa = PBXTargetDependency;
			target = 0C37135517D3FC2500766FD9 /* DwarfKit iOS */;
			targetProxy = 0CFC5CB617D42118001C2951 /* PBXContainerItemProxy */;
		};
		0CFC5CB917D4211C001C2951 /* PBXTargetDependency */ = {
			isa = PBXTargetDependency;
			target = 0C37137417D3FC3C00766FD9 /* DwarfKit Mac Dynamic */;
			targetProxy = 0CFC5CB817D4211C001C2951 /* PBXContainerItemProxy */;
		};
		0CFC5CBB17D4211C001C2951 /* PBXTargetDependency */ = {
			isa = PBXTargetDependency;
			target = 0C37136517D3FC3300766FD9 /* DwarfKit Mac Static */;
			targetProxy = 0CFC5CBA17D4211C001C2951 /* PBXContainerItemProxy */;
		};
/* End PBXTargetDependency section */

/* Begin PBXVariantGroup section */
		0C8C15E917D40DFC004B7DAA /* InfoPlist.strings */ = {
			isa = PBXVariantGroup;
			children = (
				0C8C15EA17D40DFC004B7DAA /* en */,
			);
			name = InfoPlist.strings;
			sourceTree = "<group>";
		};
		0C8C15FE17D40E0C004B7DAA /* InfoPlist.strings */ = {
			isa = PBXVariantGroup;
			children = (
				0C8C15FF17D40E0C004B7DAA /* en */,
			);
			name = InfoPlist.strings;
			sourceTree = "<group>";
		};
/* End PBXVariantGroup section */

/* Begin XCBuildConfiguration section */
		0C37131717D3F93F00766FD9 /* Debug */ = {
			isa = XCBuildConfiguration;
			buildSettings = {
				ALWAYS_SEARCH_USER_PATHS = NO;
				CLANG_CXX_LANGUAGE_STANDARD = "gnu++0x";
				CLANG_CXX_LIBRARY = "libc++";
				CLANG_ENABLE_OBJC_ARC = YES;
				CLANG_WARN_CONSTANT_CONVERSION = YES;
				CLANG_WARN_EMPTY_BODY = YES;
				CLANG_WARN_ENUM_CONVERSION = YES;
				CLANG_WARN_INT_CONVERSION = YES;
				CLANG_WARN__DUPLICATE_METHOD_MATCH = YES;
				COPY_PHASE_STRIP = NO;
				GCC_C_LANGUAGE_STANDARD = gnu99;
				GCC_DYNAMIC_NO_PIC = NO;
				GCC_OPTIMIZATION_LEVEL = 0;
				GCC_PREPROCESSOR_DEFINITIONS = (
					"DEBUG=1",
					"$(inherited)",
				);
				GCC_SYMBOLS_PRIVATE_EXTERN = NO;
				GCC_WARN_ABOUT_RETURN_TYPE = YES;
				GCC_WARN_UNINITIALIZED_AUTOS = YES;
				GCC_WARN_UNUSED_VARIABLE = YES;
				IPHONEOS_DEPLOYMENT_TARGET = 5.0;
				MACOSX_DEPLOYMENT_TARGET = 10.7;
				ONLY_ACTIVE_ARCH = YES;
				SDKROOT = iphoneos;
			};
			name = Debug;
		};
		0C37131817D3F93F00766FD9 /* Release */ = {
			isa = XCBuildConfiguration;
			buildSettings = {
				ALWAYS_SEARCH_USER_PATHS = NO;
				CLANG_CXX_LANGUAGE_STANDARD = "gnu++0x";
				CLANG_CXX_LIBRARY = "libc++";
				CLANG_ENABLE_OBJC_ARC = YES;
				CLANG_WARN_CONSTANT_CONVERSION = YES;
				CLANG_WARN_EMPTY_BODY = YES;
				CLANG_WARN_ENUM_CONVERSION = YES;
				CLANG_WARN_INT_CONVERSION = YES;
				CLANG_WARN__DUPLICATE_METHOD_MATCH = YES;
				COPY_PHASE_STRIP = YES;
				GCC_C_LANGUAGE_STANDARD = gnu99;
				GCC_WARN_ABOUT_RETURN_TYPE = YES;
				GCC_WARN_UNINITIALIZED_AUTOS = YES;
				GCC_WARN_UNUSED_VARIABLE = YES;
				IPHONEOS_DEPLOYMENT_TARGET = 5.0;
				MACOSX_DEPLOYMENT_TARGET = 10.7;
				SDKROOT = iphoneos;
				VALIDATE_PRODUCT = YES;
			};
			name = Release;
		};
		0C37136017D3FC2500766FD9 /* Debug */ = {
			isa = XCBuildConfiguration;
			buildSettings = {
				DSTROOT = /tmp/DwarfKit_iOS.dst;
				GCC_PRECOMPILE_PREFIX_HEADER = YES;
				GCC_PREFIX_HEADER = "Supporting Files/DwarfKit iOS-Prefix.pch";
				IPHONEOS_DEPLOYMENT_TARGET = 6.1;
				LIBRARY_SEARCH_PATHS = (
					"$(inherited)",
					"\"$(SRCROOT)/DwarfKit/3rd Party/libturbojpeg\"",
				);
				OTHER_LDFLAGS = "-ObjC";
				PRODUCT_NAME = DwarfKit;
				SKIP_INSTALL = YES;
			};
			name = Debug;
		};
		0C37136117D3FC2500766FD9 /* Release */ = {
			isa = XCBuildConfiguration;
			buildSettings = {
				DSTROOT = /tmp/DwarfKit_iOS.dst;
				GCC_PRECOMPILE_PREFIX_HEADER = YES;
				GCC_PREFIX_HEADER = "Supporting Files/DwarfKit iOS-Prefix.pch";
				IPHONEOS_DEPLOYMENT_TARGET = 6.1;
				LIBRARY_SEARCH_PATHS = (
					"$(inherited)",
					"\"$(SRCROOT)/DwarfKit/3rd Party/libturbojpeg\"",
				);
				OTHER_LDFLAGS = "-ObjC";
				PRODUCT_NAME = DwarfKit;
				SKIP_INSTALL = YES;
			};
			name = Release;
		};
		0C37136F17D3FC3300766FD9 /* Debug */ = {
			isa = XCBuildConfiguration;
			buildSettings = {
				FRAMEWORK_SEARCH_PATHS = (
					"$(inherited)",
					"\"$(SYSTEM_APPS_DIR)/Xcode.app/Contents/Developer/Library/Frameworks\"",
				);
				GCC_ENABLE_OBJC_EXCEPTIONS = YES;
				GCC_PRECOMPILE_PREFIX_HEADER = YES;
				GCC_PREFIX_HEADER = "Supporting Files/DwarfKit Mac-Prefix.pch";
				GCC_WARN_64_TO_32_BIT_CONVERSION = YES;
				LIBRARY_SEARCH_PATHS = (
					"$(inherited)",
					"\"$(SRCROOT)/DwarfKit/3rd Party/libturbojpeg\"",
				);
				MACOSX_DEPLOYMENT_TARGET = 10.8;
				PRODUCT_NAME = "DwarfKit-Mac";
				SDKROOT = macosx;
			};
			name = Debug;
		};
		0C37137017D3FC3300766FD9 /* Release */ = {
			isa = XCBuildConfiguration;
			buildSettings = {
				DEBUG_INFORMATION_FORMAT = "dwarf-with-dsym";
				FRAMEWORK_SEARCH_PATHS = (
					"$(inherited)",
					"\"$(SYSTEM_APPS_DIR)/Xcode.app/Contents/Developer/Library/Frameworks\"",
				);
				GCC_ENABLE_OBJC_EXCEPTIONS = YES;
				GCC_PRECOMPILE_PREFIX_HEADER = YES;
				GCC_PREFIX_HEADER = "Supporting Files/DwarfKit Mac-Prefix.pch";
				GCC_WARN_64_TO_32_BIT_CONVERSION = YES;
				LIBRARY_SEARCH_PATHS = (
					"$(inherited)",
					"\"$(SRCROOT)/DwarfKit/3rd Party/libturbojpeg\"",
				);
				MACOSX_DEPLOYMENT_TARGET = 10.8;
				PRODUCT_NAME = "DwarfKit-Mac";
				SDKROOT = macosx;
			};
			name = Release;
		};
		0C37137E17D3FC3D00766FD9 /* Debug */ = {
			isa = XCBuildConfiguration;
			buildSettings = {
				DYLIB_COMPATIBILITY_VERSION = 1;
				DYLIB_CURRENT_VERSION = 1;
				FRAMEWORK_SEARCH_PATHS = (
					"$(inherited)",
					"\"$(SYSTEM_APPS_DIR)/Xcode.app/Contents/Developer/Library/Frameworks\"",
				);
				GCC_ENABLE_OBJC_EXCEPTIONS = YES;
				GCC_PRECOMPILE_PREFIX_HEADER = YES;
				GCC_PREFIX_HEADER = "Supporting Files/DwarfKit Mac-Prefix.pch";
				GCC_WARN_64_TO_32_BIT_CONVERSION = YES;
				LIBRARY_SEARCH_PATHS = (
					"$(inherited)",
					"\"$(SRCROOT)/DwarfKit/3rd Party/libturbojpeg\"",
				);
				MACOSX_DEPLOYMENT_TARGET = 10.8;
				PRODUCT_NAME = DwarfKit;
				SDKROOT = macosx;
			};
			name = Debug;
		};
		0C37137F17D3FC3D00766FD9 /* Release */ = {
			isa = XCBuildConfiguration;
			buildSettings = {
				DEBUG_INFORMATION_FORMAT = "dwarf-with-dsym";
				DYLIB_COMPATIBILITY_VERSION = 1;
				DYLIB_CURRENT_VERSION = 1;
				FRAMEWORK_SEARCH_PATHS = (
					"$(inherited)",
					"\"$(SYSTEM_APPS_DIR)/Xcode.app/Contents/Developer/Library/Frameworks\"",
				);
				GCC_ENABLE_OBJC_EXCEPTIONS = YES;
				GCC_PRECOMPILE_PREFIX_HEADER = YES;
				GCC_PREFIX_HEADER = "Supporting Files/DwarfKit Mac-Prefix.pch";
				GCC_WARN_64_TO_32_BIT_CONVERSION = YES;
				LIBRARY_SEARCH_PATHS = (
					"$(inherited)",
					"\"$(SRCROOT)/DwarfKit/3rd Party/libturbojpeg\"",
				);
				MACOSX_DEPLOYMENT_TARGET = 10.8;
				PRODUCT_NAME = DwarfKit;
				SDKROOT = macosx;
			};
			name = Release;
		};
		0C8C15F117D40DFC004B7DAA /* Debug */ = {
			isa = XCBuildConfiguration;
			buildSettings = {
				FRAMEWORK_SEARCH_PATHS = (
					"\"$(SDKROOT)/Developer/Library/Frameworks\"",
					"\"$(DEVELOPER_LIBRARY_DIR)/Frameworks\"",
				);
				GCC_PRECOMPILE_PREFIX_HEADER = YES;
				GCC_PREFIX_HEADER = "DwarfKit Tests iOS/DwarfKit Tests iOS-Prefix.pch";
				INFOPLIST_FILE = "DwarfKit Tests iOS/DwarfKit Tests iOS-Info.plist";
				IPHONEOS_DEPLOYMENT_TARGET = 6.1;
				PRODUCT_NAME = "$(TARGET_NAME)";
				WRAPPER_EXTENSION = octest;
			};
			name = Debug;
		};
		0C8C15F217D40DFC004B7DAA /* Release */ = {
			isa = XCBuildConfiguration;
			buildSettings = {
				FRAMEWORK_SEARCH_PATHS = (
					"\"$(SDKROOT)/Developer/Library/Frameworks\"",
					"\"$(DEVELOPER_LIBRARY_DIR)/Frameworks\"",
				);
				GCC_PRECOMPILE_PREFIX_HEADER = YES;
				GCC_PREFIX_HEADER = "DwarfKit Tests iOS/DwarfKit Tests iOS-Prefix.pch";
				INFOPLIST_FILE = "DwarfKit Tests iOS/DwarfKit Tests iOS-Info.plist";
				IPHONEOS_DEPLOYMENT_TARGET = 6.1;
				PRODUCT_NAME = "$(TARGET_NAME)";
				WRAPPER_EXTENSION = octest;
			};
			name = Release;
		};
		0C8C160617D40E0C004B7DAA /* Debug */ = {
			isa = XCBuildConfiguration;
			buildSettings = {
				COMBINE_HIDPI_IMAGES = YES;
				FRAMEWORK_SEARCH_PATHS = "\"$(DEVELOPER_LIBRARY_DIR)/Frameworks\"";
				GCC_ENABLE_OBJC_EXCEPTIONS = YES;
				GCC_PRECOMPILE_PREFIX_HEADER = YES;
				GCC_PREFIX_HEADER = "DwarfKit Tests Mac/DwarfKit Tests Mac-Prefix.pch";
				GCC_WARN_64_TO_32_BIT_CONVERSION = YES;
				INFOPLIST_FILE = "DwarfKit Tests Mac/DwarfKit Tests Mac-Info.plist";
				MACOSX_DEPLOYMENT_TARGET = 10.8;
				PRODUCT_NAME = "$(TARGET_NAME)";
				SDKROOT = macosx;
				WRAPPER_EXTENSION = octest;
			};
			name = Debug;
		};
		0C8C160717D40E0C004B7DAA /* Release */ = {
			isa = XCBuildConfiguration;
			buildSettings = {
				COMBINE_HIDPI_IMAGES = YES;
				DEBUG_INFORMATION_FORMAT = "dwarf-with-dsym";
				FRAMEWORK_SEARCH_PATHS = "\"$(DEVELOPER_LIBRARY_DIR)/Frameworks\"";
				GCC_ENABLE_OBJC_EXCEPTIONS = YES;
				GCC_PRECOMPILE_PREFIX_HEADER = YES;
				GCC_PREFIX_HEADER = "DwarfKit Tests Mac/DwarfKit Tests Mac-Prefix.pch";
				GCC_WARN_64_TO_32_BIT_CONVERSION = YES;
				INFOPLIST_FILE = "DwarfKit Tests Mac/DwarfKit Tests Mac-Info.plist";
				MACOSX_DEPLOYMENT_TARGET = 10.8;
				PRODUCT_NAME = "$(TARGET_NAME)";
				SDKROOT = macosx;
				WRAPPER_EXTENSION = octest;
			};
			name = Release;
		};
/* End XCBuildConfiguration section */

/* Begin XCConfigurationList section */
		0C3712EF17D3F93F00766FD9 /* Build configuration list for PBXProject "DwarfKit" */ = {
			isa = XCConfigurationList;
			buildConfigurations = (
				0C37131717D3F93F00766FD9 /* Debug */,
				0C37131817D3F93F00766FD9 /* Release */,
			);
			defaultConfigurationIsVisible = 0;
			defaultConfigurationName = Release;
		};
		0C37135F17D3FC2500766FD9 /* Build configuration list for PBXNativeTarget "DwarfKit iOS" */ = {
			isa = XCConfigurationList;
			buildConfigurations = (
				0C37136017D3FC2500766FD9 /* Debug */,
				0C37136117D3FC2500766FD9 /* Release */,
			);
			defaultConfigurationIsVisible = 0;
			defaultConfigurationName = Release;
		};
		0C37136E17D3FC3300766FD9 /* Build configuration list for PBXNativeTarget "DwarfKit Mac Static" */ = {
			isa = XCConfigurationList;
			buildConfigurations = (
				0C37136F17D3FC3300766FD9 /* Debug */,
				0C37137017D3FC3300766FD9 /* Release */,
			);
			defaultConfigurationIsVisible = 0;
			defaultConfigurationName = Release;
		};
		0C37137D17D3FC3D00766FD9 /* Build configuration list for PBXNativeTarget "DwarfKit Mac Dynamic" */ = {
			isa = XCConfigurationList;
			buildConfigurations = (
				0C37137E17D3FC3D00766FD9 /* Debug */,
				0C37137F17D3FC3D00766FD9 /* Release */,
			);
			defaultConfigurationIsVisible = 0;
			defaultConfigurationName = Release;
		};
		0C8C15F017D40DFC004B7DAA /* Build configuration list for PBXNativeTarget "DwarfKit Tests iOS" */ = {
			isa = XCConfigurationList;
			buildConfigurations = (
				0C8C15F117D40DFC004B7DAA /* Debug */,
				0C8C15F217D40DFC004B7DAA /* Release */,
			);
			defaultConfigurationIsVisible = 0;
			defaultConfigurationName = Release;
		};
		0C8C160517D40E0C004B7DAA /* Build configuration list for PBXNativeTarget "DwarfKit Tests Mac" */ = {
			isa = XCConfigurationList;
			buildConfigurations = (
				0C8C160617D40E0C004B7DAA /* Debug */,
				0C8C160717D40E0C004B7DAA /* Release */,
			);
			defaultConfigurationIsVisible = 0;
			defaultConfigurationName = Release;
		};
/* End XCConfigurationList section */
	};
	rootObject = 0C3712EC17D3F93F00766FD9 /* Project object */;
}
