// !$*UTF8*$!
{
	archiveVersion = 1;
	classes = {
	};
	objectVersion = 46;
	objects = {

/* Begin PBXBuildFile section */
		0C3706C318CA408F003E20C4 /* DFCachePrivate.h in Headers */ = {isa = PBXBuildFile; fileRef = 0C37064F18CA408F003E20C4 /* DFCachePrivate.h */; };
		0C3706C418CA408F003E20C4 /* DFCachePrivate.h in Headers */ = {isa = PBXBuildFile; fileRef = 0C37064F18CA408F003E20C4 /* DFCachePrivate.h */; };
		0C37135717D3FC2500766FD9 /* Foundation.framework in Frameworks */ = {isa = PBXBuildFile; fileRef = 0C3712F717D3F93F00766FD9 /* Foundation.framework */; };
		0C7D47AE18CB1FA50078C765 /* DFCachePrivate.m in Sources */ = {isa = PBXBuildFile; fileRef = 0C7D47AD18CB1FA50078C765 /* DFCachePrivate.m */; };
		0C7D47AF18CB1FA50078C765 /* DFCachePrivate.m in Sources */ = {isa = PBXBuildFile; fileRef = 0C7D47AD18CB1FA50078C765 /* DFCachePrivate.m */; };
		0C7D47B018CB1FA50078C765 /* DFCachePrivate.m in Sources */ = {isa = PBXBuildFile; fileRef = 0C7D47AD18CB1FA50078C765 /* DFCachePrivate.m */; };
		0C8C15E517D40DFC004B7DAA /* Foundation.framework in Frameworks */ = {isa = PBXBuildFile; fileRef = 0C3712F717D3F93F00766FD9 /* Foundation.framework */; };
		0C94792118CCE4D4008E8938 /* DFCacheTimer.h in Headers */ = {isa = PBXBuildFile; fileRef = 0C94791F18CCE4D4008E8938 /* DFCacheTimer.h */; };
		0C94792218CCE4D4008E8938 /* DFCacheTimer.h in Headers */ = {isa = PBXBuildFile; fileRef = 0C94791F18CCE4D4008E8938 /* DFCacheTimer.h */; };
		0C94792318CCE4D4008E8938 /* DFCacheTimer.m in Sources */ = {isa = PBXBuildFile; fileRef = 0C94792018CCE4D4008E8938 /* DFCacheTimer.m */; };
		0C94792418CCE4D4008E8938 /* DFCacheTimer.m in Sources */ = {isa = PBXBuildFile; fileRef = 0C94792018CCE4D4008E8938 /* DFCacheTimer.m */; };
		0C94792518CCE4D4008E8938 /* DFCacheTimer.m in Sources */ = {isa = PBXBuildFile; fileRef = 0C94792018CCE4D4008E8938 /* DFCacheTimer.m */; };
		0CB95DFA18CB17AD00169472 /* NSURL+DFExtendedFileAttributes.h in Headers */ = {isa = PBXBuildFile; fileRef = 0CB95DF518CB17AD00169472 /* NSURL+DFExtendedFileAttributes.h */; settings = {ATTRIBUTES = (Public, ); }; };
		0CB95DFB18CB17AD00169472 /* NSURL+DFExtendedFileAttributes.h in Headers */ = {isa = PBXBuildFile; fileRef = 0CB95DF518CB17AD00169472 /* NSURL+DFExtendedFileAttributes.h */; settings = {ATTRIBUTES = (Public, ); }; };
		0CB95DFC18CB17AD00169472 /* NSURL+DFExtendedFileAttributes.m in Sources */ = {isa = PBXBuildFile; fileRef = 0CB95DF618CB17AD00169472 /* NSURL+DFExtendedFileAttributes.m */; };
		0CB95DFD18CB17AD00169472 /* NSURL+DFExtendedFileAttributes.m in Sources */ = {isa = PBXBuildFile; fileRef = 0CB95DF618CB17AD00169472 /* NSURL+DFExtendedFileAttributes.m */; };
		0CB95DFE18CB17AD00169472 /* NSURL+DFExtendedFileAttributes.m in Sources */ = {isa = PBXBuildFile; fileRef = 0CB95DF618CB17AD00169472 /* NSURL+DFExtendedFileAttributes.m */; };
		0CB95E0B18CB181000169472 /* DFCache.h in Headers */ = {isa = PBXBuildFile; fileRef = 0CB95E0418CB181000169472 /* DFCache.h */; settings = {ATTRIBUTES = (Public, ); }; };
		0CB95E0C18CB181000169472 /* DFCache.h in Headers */ = {isa = PBXBuildFile; fileRef = 0CB95E0418CB181000169472 /* DFCache.h */; settings = {ATTRIBUTES = (Public, ); }; };
		0CB95E0D18CB181000169472 /* DFCache.m in Sources */ = {isa = PBXBuildFile; fileRef = 0CB95E0518CB181000169472 /* DFCache.m */; };
		0CB95E0E18CB181000169472 /* DFCache.m in Sources */ = {isa = PBXBuildFile; fileRef = 0CB95E0518CB181000169472 /* DFCache.m */; };
		0CB95E0F18CB181000169472 /* DFCache.m in Sources */ = {isa = PBXBuildFile; fileRef = 0CB95E0518CB181000169472 /* DFCache.m */; };
		0CB95E1018CB181000169472 /* DFCache+Extensions.h in Headers */ = {isa = PBXBuildFile; fileRef = 0CB95E0618CB181000169472 /* DFCache+Extensions.h */; settings = {ATTRIBUTES = (Public, ); }; };
		0CB95E1118CB181000169472 /* DFCache+Extensions.h in Headers */ = {isa = PBXBuildFile; fileRef = 0CB95E0618CB181000169472 /* DFCache+Extensions.h */; settings = {ATTRIBUTES = (Public, ); }; };
		0CB95E1218CB181000169472 /* DFCache+Extensions.m in Sources */ = {isa = PBXBuildFile; fileRef = 0CB95E0718CB181000169472 /* DFCache+Extensions.m */; };
		0CB95E1318CB181000169472 /* DFCache+Extensions.m in Sources */ = {isa = PBXBuildFile; fileRef = 0CB95E0718CB181000169472 /* DFCache+Extensions.m */; };
		0CB95E1418CB181000169472 /* DFCache+Extensions.m in Sources */ = {isa = PBXBuildFile; fileRef = 0CB95E0718CB181000169472 /* DFCache+Extensions.m */; };
		0CB95E1518CB181000169472 /* DFCacheBlocks.h in Headers */ = {isa = PBXBuildFile; fileRef = 0CB95E0818CB181000169472 /* DFCacheBlocks.h */; settings = {ATTRIBUTES = (Public, ); }; };
		0CB95E1618CB181000169472 /* DFCacheBlocks.h in Headers */ = {isa = PBXBuildFile; fileRef = 0CB95E0818CB181000169472 /* DFCacheBlocks.h */; settings = {ATTRIBUTES = (Public, ); }; };
		0CB95E1718CB181000169472 /* DFDiskCache.h in Headers */ = {isa = PBXBuildFile; fileRef = 0CB95E0918CB181000169472 /* DFDiskCache.h */; settings = {ATTRIBUTES = (Public, ); }; };
		0CB95E1818CB181000169472 /* DFDiskCache.h in Headers */ = {isa = PBXBuildFile; fileRef = 0CB95E0918CB181000169472 /* DFDiskCache.h */; settings = {ATTRIBUTES = (Public, ); }; };
		0CB95E1918CB181000169472 /* DFDiskCache.m in Sources */ = {isa = PBXBuildFile; fileRef = 0CB95E0A18CB181000169472 /* DFDiskCache.m */; };
		0CB95E1A18CB181000169472 /* DFDiskCache.m in Sources */ = {isa = PBXBuildFile; fileRef = 0CB95E0A18CB181000169472 /* DFDiskCache.m */; };
		0CB95E1B18CB181000169472 /* DFDiskCache.m in Sources */ = {isa = PBXBuildFile; fileRef = 0CB95E0A18CB181000169472 /* DFDiskCache.m */; };
		0CB95E2F18CB186D00169472 /* InfoPlist.strings in Resources */ = {isa = PBXBuildFile; fileRef = 0CB95E1F18CB186D00169472 /* InfoPlist.strings */; };
		0CBC53A118CB4D70002A8993 /* UIKit.framework in Frameworks */ = {isa = PBXBuildFile; fileRef = 0CBC53A018CB4D70002A8993 /* UIKit.framework */; };
		0CBC53A218CB4D7D002A8993 /* UIKit.framework in Frameworks */ = {isa = PBXBuildFile; fileRef = 0CBC53A018CB4D70002A8993 /* UIKit.framework */; };
		0CBC53A318CB4DA2002A8993 /* Cocoa.framework in Frameworks */ = {isa = PBXBuildFile; fileRef = 0CDB855A18CB4A8F005DAA43 /* Cocoa.framework */; };
		0CBC53A618CB4DAF002A8993 /* Cocoa.framework in Frameworks */ = {isa = PBXBuildFile; fileRef = 0CDB855A18CB4A8F005DAA43 /* Cocoa.framework */; };
		0CBC53A818CB4DCF002A8993 /* AppKit.framework in Frameworks */ = {isa = PBXBuildFile; fileRef = 0CBC53A718CB4DCF002A8993 /* AppKit.framework */; };
		0CBC53A918CB4DD4002A8993 /* AppKit.framework in Frameworks */ = {isa = PBXBuildFile; fileRef = 0CBC53A718CB4DCF002A8993 /* AppKit.framework */; };
		0CCCFED218CB2D4B009AE6DB /* DFFileStorage.h in Headers */ = {isa = PBXBuildFile; fileRef = 0CCCFED018CB2D4B009AE6DB /* DFFileStorage.h */; settings = {ATTRIBUTES = (Public, ); }; };
		0CCCFED318CB2D4B009AE6DB /* DFFileStorage.h in Headers */ = {isa = PBXBuildFile; fileRef = 0CCCFED018CB2D4B009AE6DB /* DFFileStorage.h */; settings = {ATTRIBUTES = (Public, ); }; };
		0CCCFED418CB2D4B009AE6DB /* DFFileStorage.m in Sources */ = {isa = PBXBuildFile; fileRef = 0CCCFED118CB2D4B009AE6DB /* DFFileStorage.m */; };
		0CCCFED518CB2D4B009AE6DB /* DFFileStorage.m in Sources */ = {isa = PBXBuildFile; fileRef = 0CCCFED118CB2D4B009AE6DB /* DFFileStorage.m */; };
		0CCCFED618CB2D4B009AE6DB /* DFFileStorage.m in Sources */ = {isa = PBXBuildFile; fileRef = 0CCCFED118CB2D4B009AE6DB /* DFFileStorage.m */; };
		0CDB852818CB44B6005DAA43 /* DFCache+Tests.m in Sources */ = {isa = PBXBuildFile; fileRef = 0CDB852718CB44B6005DAA43 /* DFCache+Tests.m */; };
		0CDB852C18CB44D9005DAA43 /* TDFCache.m in Sources */ = {isa = PBXBuildFile; fileRef = 0CDB852A18CB44D9005DAA43 /* TDFCache.m */; };
		0CDB852E18CB44D9005DAA43 /* TDFCache+Extensions.m in Sources */ = {isa = PBXBuildFile; fileRef = 0CDB852B18CB44D9005DAA43 /* TDFCache+Extensions.m */; };
		0CDB853318CB451D005DAA43 /* TDFDiskCache.m in Sources */ = {isa = PBXBuildFile; fileRef = 0CDB853018CB451D005DAA43 /* TDFDiskCache.m */; };
		0CDB853518CB451D005DAA43 /* TDFExtendedFileAttributes.m in Sources */ = {isa = PBXBuildFile; fileRef = 0CDB853118CB451D005DAA43 /* TDFExtendedFileAttributes.m */; };
		0CDB853718CB451D005DAA43 /* TDFFileStorage.m in Sources */ = {isa = PBXBuildFile; fileRef = 0CDB853218CB451D005DAA43 /* TDFFileStorage.m */; };
		0CFA33F317D4734900AE6EEF /* DFCache OS X-Prefix.pch in Headers */ = {isa = PBXBuildFile; fileRef = 0CFA33F017D4734900AE6EEF /* DFCache OS X-Prefix.pch */; };
		0CFA33F417D4734900AE6EEF /* DFCache OS X-Prefix.pch in Headers */ = {isa = PBXBuildFile; fileRef = 0CFA33F017D4734900AE6EEF /* DFCache OS X-Prefix.pch */; };
		0CFAA7EC18CC7006004C56CC /* XCTest.framework in Frameworks */ = {isa = PBXBuildFile; fileRef = 0CDB855618CB48F6005DAA43 /* XCTest.framework */; };
		0CFAA7F218CC7007004C56CC /* InfoPlist.strings in Resources */ = {isa = PBXBuildFile; fileRef = 0CFAA7F018CC7007004C56CC /* InfoPlist.strings */; };
		0CFAA7FB18CC702E004C56CC /* AppKit.framework in Frameworks */ = {isa = PBXBuildFile; fileRef = 0CBC53A718CB4DCF002A8993 /* AppKit.framework */; };
		0CFAA7FC18CC7031004C56CC /* libDFCache-OSX.a in Frameworks */ = {isa = PBXBuildFile; fileRef = 0C37136617D3FC3300766FD9 /* libDFCache-OSX.a */; };
		0CFAA80218CC704E004C56CC /* XCTest.framework in Frameworks */ = {isa = PBXBuildFile; fileRef = 0CDB855618CB48F6005DAA43 /* XCTest.framework */; };
		0CFAA80818CC704E004C56CC /* InfoPlist.strings in Resources */ = {isa = PBXBuildFile; fileRef = 0CFAA80618CC704E004C56CC /* InfoPlist.strings */; };
		0CFAA81118CC7054004C56CC /* AppKit.framework in Frameworks */ = {isa = PBXBuildFile; fileRef = 0CBC53A718CB4DCF002A8993 /* AppKit.framework */; };
		0CFAA81218CC7057004C56CC /* DFCache.dylib in Frameworks */ = {isa = PBXBuildFile; fileRef = 0C37137517D3FC3C00766FD9 /* DFCache.dylib */; };
		0CFAA81318CC7088004C56CC /* TDFCache.m in Sources */ = {isa = PBXBuildFile; fileRef = 0CDB852A18CB44D9005DAA43 /* TDFCache.m */; };
		0CFAA81418CC7088004C56CC /* TDFCache+Extensions.m in Sources */ = {isa = PBXBuildFile; fileRef = 0CDB852B18CB44D9005DAA43 /* TDFCache+Extensions.m */; };
		0CFAA81518CC7088004C56CC /* TDFDiskCache.m in Sources */ = {isa = PBXBuildFile; fileRef = 0CDB853018CB451D005DAA43 /* TDFDiskCache.m */; };
		0CFAA81618CC7088004C56CC /* TDFExtendedFileAttributes.m in Sources */ = {isa = PBXBuildFile; fileRef = 0CDB853118CB451D005DAA43 /* TDFExtendedFileAttributes.m */; };
		0CFAA81718CC7088004C56CC /* TDFFileStorage.m in Sources */ = {isa = PBXBuildFile; fileRef = 0CDB853218CB451D005DAA43 /* TDFFileStorage.m */; };
		0CFAA81818CC7088004C56CC /* TDFCache.m in Sources */ = {isa = PBXBuildFile; fileRef = 0CDB852A18CB44D9005DAA43 /* TDFCache.m */; };
		0CFAA81918CC7088004C56CC /* TDFCache+Extensions.m in Sources */ = {isa = PBXBuildFile; fileRef = 0CDB852B18CB44D9005DAA43 /* TDFCache+Extensions.m */; };
		0CFAA81A18CC7088004C56CC /* TDFDiskCache.m in Sources */ = {isa = PBXBuildFile; fileRef = 0CDB853018CB451D005DAA43 /* TDFDiskCache.m */; };
		0CFAA81B18CC7088004C56CC /* TDFExtendedFileAttributes.m in Sources */ = {isa = PBXBuildFile; fileRef = 0CDB853118CB451D005DAA43 /* TDFExtendedFileAttributes.m */; };
		0CFAA81C18CC7088004C56CC /* TDFFileStorage.m in Sources */ = {isa = PBXBuildFile; fileRef = 0CDB853218CB451D005DAA43 /* TDFFileStorage.m */; };
		0CFAA81D18CC708B004C56CC /* DFCache+Tests.m in Sources */ = {isa = PBXBuildFile; fileRef = 0CDB852718CB44B6005DAA43 /* DFCache+Tests.m */; };
		0CFAA81E18CC708C004C56CC /* DFCache+Tests.m in Sources */ = {isa = PBXBuildFile; fileRef = 0CDB852718CB44B6005DAA43 /* DFCache+Tests.m */; };
		0CFC5CBC17D42367001C2951 /* libDFCache.a in Frameworks */ = {isa = PBXBuildFile; fileRef = 0C37135617D3FC2500766FD9 /* libDFCache.a */; };
/* End PBXBuildFile section */

/* Begin PBXContainerItemProxy section */
		0CFAA7F618CC7007004C56CC /* PBXContainerItemProxy */ = {
			isa = PBXContainerItemProxy;
			containerPortal = 0C3712EC17D3F93F00766FD9 /* Project object */;
			proxyType = 1;
			remoteGlobalIDString = 0C37136517D3FC3300766FD9;
			remoteInfo = "DFCache OS X Static";
		};
		0CFAA80C18CC704E004C56CC /* PBXContainerItemProxy */ = {
			isa = PBXContainerItemProxy;
			containerPortal = 0C3712EC17D3F93F00766FD9 /* Project object */;
			proxyType = 1;
			remoteGlobalIDString = 0C37137417D3FC3C00766FD9;
			remoteInfo = "DFCache OS X Dynamic";
		};
		0CFC5CB617D42118001C2951 /* PBXContainerItemProxy */ = {
			isa = PBXContainerItemProxy;
			containerPortal = 0C3712EC17D3F93F00766FD9 /* Project object */;
			proxyType = 1;
			remoteGlobalIDString = 0C37135517D3FC2500766FD9;
			remoteInfo = "DwarfKit iOS";
		};
/* End PBXContainerItemProxy section */

/* Begin PBXCopyFilesBuildPhase section */
		0C37135417D3FC2500766FD9 /* CopyFiles */ = {
			isa = PBXCopyFilesBuildPhase;
			buildActionMask = 2147483647;
			dstPath = "include/${PRODUCT_NAME}";
			dstSubfolderSpec = 16;
			files = (
			);
			runOnlyForDeploymentPostprocessing = 0;
		};
/* End PBXCopyFilesBuildPhase section */

/* Begin PBXFileReference section */
		0C37064F18CA408F003E20C4 /* DFCachePrivate.h */ = {isa = PBXFileReference; fileEncoding = 4; lastKnownFileType = sourcecode.c.h; path = DFCachePrivate.h; sourceTree = "<group>"; };
		0C3712F717D3F93F00766FD9 /* Foundation.framework */ = {isa = PBXFileReference; lastKnownFileType = wrapper.framework; name = Foundation.framework; path = System/Library/Frameworks/Foundation.framework; sourceTree = SDKROOT; };
		0C37132717D3F9C700766FD9 /* AppKit.framework */ = {isa = PBXFileReference; lastKnownFileType = wrapper.framework; name = AppKit.framework; path = Library/Frameworks/AppKit.framework; sourceTree = SDKROOT; };
		0C37132817D3F9C700766FD9 /* CoreData.framework */ = {isa = PBXFileReference; lastKnownFileType = wrapper.framework; name = CoreData.framework; path = Library/Frameworks/CoreData.framework; sourceTree = SDKROOT; };
		0C37132917D3F9C700766FD9 /* Foundation.framework */ = {isa = PBXFileReference; lastKnownFileType = wrapper.framework; name = Foundation.framework; path = Library/Frameworks/Foundation.framework; sourceTree = SDKROOT; };
		0C37135617D3FC2500766FD9 /* libDFCache.a */ = {isa = PBXFileReference; explicitFileType = archive.ar; includeInIndex = 0; path = libDFCache.a; sourceTree = BUILT_PRODUCTS_DIR; };
		0C37136617D3FC3300766FD9 /* libDFCache-OSX.a */ = {isa = PBXFileReference; explicitFileType = archive.ar; includeInIndex = 0; path = "libDFCache-OSX.a"; sourceTree = BUILT_PRODUCTS_DIR; };
		0C37137517D3FC3C00766FD9 /* DFCache.dylib */ = {isa = PBXFileReference; explicitFileType = "compiled.mach-o.dylib"; includeInIndex = 0; path = DFCache.dylib; sourceTree = BUILT_PRODUCTS_DIR; };
		0C7D47AD18CB1FA50078C765 /* DFCachePrivate.m */ = {isa = PBXFileReference; fileEncoding = 4; lastKnownFileType = sourcecode.c.objc; path = DFCachePrivate.m; sourceTree = "<group>"; };
		0C7D47B218CB20470078C765 /* DFTesting.h */ = {isa = PBXFileReference; fileEncoding = 4; lastKnownFileType = sourcecode.c.h; path = DFTesting.h; sourceTree = "<group>"; };
		0C8C15E217D40DFC004B7DAA /* DFCache Tests iOS.xctest */ = {isa = PBXFileReference; explicitFileType = wrapper.cfbundle; includeInIndex = 0; path = "DFCache Tests iOS.xctest"; sourceTree = BUILT_PRODUCTS_DIR; };
		0C94791F18CCE4D4008E8938 /* DFCacheTimer.h */ = {isa = PBXFileReference; fileEncoding = 4; lastKnownFileType = sourcecode.c.h; path = DFCacheTimer.h; sourceTree = "<group>"; };
		0C94792018CCE4D4008E8938 /* DFCacheTimer.m */ = {isa = PBXFileReference; fileEncoding = 4; lastKnownFileType = sourcecode.c.objc; path = DFCacheTimer.m; sourceTree = "<group>"; };
		0CB95DF518CB17AD00169472 /* NSURL+DFExtendedFileAttributes.h */ = {isa = PBXFileReference; fileEncoding = 4; lastKnownFileType = sourcecode.c.h; path = "NSURL+DFExtendedFileAttributes.h"; sourceTree = "<group>"; };
		0CB95DF618CB17AD00169472 /* NSURL+DFExtendedFileAttributes.m */ = {isa = PBXFileReference; fileEncoding = 4; lastKnownFileType = sourcecode.c.objc; path = "NSURL+DFExtendedFileAttributes.m"; sourceTree = "<group>"; };
		0CB95E0418CB181000169472 /* DFCache.h */ = {isa = PBXFileReference; fileEncoding = 4; lastKnownFileType = sourcecode.c.h; path = DFCache.h; sourceTree = "<group>"; };
		0CB95E0518CB181000169472 /* DFCache.m */ = {isa = PBXFileReference; fileEncoding = 4; lastKnownFileType = sourcecode.c.objc; path = DFCache.m; sourceTree = "<group>"; };
		0CB95E0618CB181000169472 /* DFCache+Extensions.h */ = {isa = PBXFileReference; fileEncoding = 4; lastKnownFileType = sourcecode.c.h; path = "DFCache+Extensions.h"; sourceTree = "<group>"; };
		0CB95E0718CB181000169472 /* DFCache+Extensions.m */ = {isa = PBXFileReference; fileEncoding = 4; lastKnownFileType = sourcecode.c.objc; path = "DFCache+Extensions.m"; sourceTree = "<group>"; };
		0CB95E0818CB181000169472 /* DFCacheBlocks.h */ = {isa = PBXFileReference; fileEncoding = 4; lastKnownFileType = sourcecode.c.h; path = DFCacheBlocks.h; sourceTree = "<group>"; };
		0CB95E0918CB181000169472 /* DFDiskCache.h */ = {isa = PBXFileReference; fileEncoding = 4; lastKnownFileType = sourcecode.c.h; path = DFDiskCache.h; sourceTree = "<group>"; };
		0CB95E0A18CB181000169472 /* DFDiskCache.m */ = {isa = PBXFileReference; fileEncoding = 4; lastKnownFileType = sourcecode.c.objc; path = DFDiskCache.m; sourceTree = "<group>"; };
		0CB95E1D18CB186D00169472 /* DFCache Tests iOS-Info.plist */ = {isa = PBXFileReference; fileEncoding = 4; lastKnownFileType = text.plist.xml; path = "DFCache Tests iOS-Info.plist"; sourceTree = "<group>"; };
		0CB95E1E18CB186D00169472 /* DFCache Tests iOS-Prefix.pch */ = {isa = PBXFileReference; fileEncoding = 4; lastKnownFileType = sourcecode.c.h; path = "DFCache Tests iOS-Prefix.pch"; sourceTree = "<group>"; };
		0CB95E2018CB186D00169472 /* en */ = {isa = PBXFileReference; lastKnownFileType = text.plist.strings; name = en; path = en.lproj/InfoPlist.strings; sourceTree = "<group>"; };
		0CBC53A018CB4D70002A8993 /* UIKit.framework */ = {isa = PBXFileReference; lastKnownFileType = wrapper.framework; name = UIKit.framework; path = System/Library/Frameworks/UIKit.framework; sourceTree = SDKROOT; };
		0CBC53A718CB4DCF002A8993 /* AppKit.framework */ = {isa = PBXFileReference; lastKnownFileType = wrapper.framework; name = AppKit.framework; path = Platforms/MacOSX.platform/Developer/SDKs/MacOSX10.9.sdk/System/Library/Frameworks/AppKit.framework; sourceTree = DEVELOPER_DIR; };
		0CCCFED018CB2D4B009AE6DB /* DFFileStorage.h */ = {isa = PBXFileReference; fileEncoding = 4; lastKnownFileType = sourcecode.c.h; path = DFFileStorage.h; sourceTree = "<group>"; };
		0CCCFED118CB2D4B009AE6DB /* DFFileStorage.m */ = {isa = PBXFileReference; fileEncoding = 4; lastKnownFileType = sourcecode.c.objc; path = DFFileStorage.m; sourceTree = "<group>"; };
		0CDB852618CB44B6005DAA43 /* DFCache+Tests.h */ = {isa = PBXFileReference; fileEncoding = 4; lastKnownFileType = sourcecode.c.h; path = "DFCache+Tests.h"; sourceTree = "<group>"; };
		0CDB852718CB44B6005DAA43 /* DFCache+Tests.m */ = {isa = PBXFileReference; fileEncoding = 4; lastKnownFileType = sourcecode.c.objc; path = "DFCache+Tests.m"; sourceTree = "<group>"; };
		0CDB852A18CB44D9005DAA43 /* TDFCache.m */ = {isa = PBXFileReference; fileEncoding = 4; lastKnownFileType = sourcecode.c.objc; path = TDFCache.m; sourceTree = "<group>"; };
		0CDB852B18CB44D9005DAA43 /* TDFCache+Extensions.m */ = {isa = PBXFileReference; fileEncoding = 4; lastKnownFileType = sourcecode.c.objc; path = "TDFCache+Extensions.m"; sourceTree = "<group>"; };
		0CDB853018CB451D005DAA43 /* TDFDiskCache.m */ = {isa = PBXFileReference; fileEncoding = 4; lastKnownFileType = sourcecode.c.objc; path = TDFDiskCache.m; sourceTree = "<group>"; };
		0CDB853118CB451D005DAA43 /* TDFExtendedFileAttributes.m */ = {isa = PBXFileReference; fileEncoding = 4; lastKnownFileType = sourcecode.c.objc; path = TDFExtendedFileAttributes.m; sourceTree = "<group>"; };
		0CDB853218CB451D005DAA43 /* TDFFileStorage.m */ = {isa = PBXFileReference; fileEncoding = 4; lastKnownFileType = sourcecode.c.objc; path = TDFFileStorage.m; sourceTree = "<group>"; };
		0CDB855618CB48F6005DAA43 /* XCTest.framework */ = {isa = PBXFileReference; lastKnownFileType = wrapper.framework; name = XCTest.framework; path = Library/Frameworks/XCTest.framework; sourceTree = DEVELOPER_DIR; };
		0CDB855A18CB4A8F005DAA43 /* Cocoa.framework */ = {isa = PBXFileReference; lastKnownFileType = wrapper.framework; name = Cocoa.framework; path = Platforms/MacOSX.platform/Developer/SDKs/MacOSX10.9.sdk/System/Library/Frameworks/Cocoa.framework; sourceTree = DEVELOPER_DIR; };
		0CFA33EF17D4734900AE6EEF /* DFCache iOS-Prefix.pch */ = {isa = PBXFileReference; fileEncoding = 4; lastKnownFileType = sourcecode.c.h; path = "DFCache iOS-Prefix.pch"; sourceTree = "<group>"; };
		0CFA33F017D4734900AE6EEF /* DFCache OS X-Prefix.pch */ = {isa = PBXFileReference; fileEncoding = 4; lastKnownFileType = sourcecode.c.h; path = "DFCache OS X-Prefix.pch"; sourceTree = "<group>"; };
		0CFAA7EB18CC7006004C56CC /* DFCache Tests OS X Static.xctest */ = {isa = PBXFileReference; explicitFileType = wrapper.cfbundle; includeInIndex = 0; path = "DFCache Tests OS X Static.xctest"; sourceTree = BUILT_PRODUCTS_DIR; };
		0CFAA7EF18CC7006004C56CC /* DFCache Tests OS X Static-Info.plist */ = {isa = PBXFileReference; lastKnownFileType = text.plist.xml; path = "DFCache Tests OS X Static-Info.plist"; sourceTree = "<group>"; };
		0CFAA7F118CC7007004C56CC /* en */ = {isa = PBXFileReference; lastKnownFileType = text.plist.strings; name = en; path = en.lproj/InfoPlist.strings; sourceTree = "<group>"; };
		0CFAA7F518CC7007004C56CC /* DFCache Tests OS X Static-Prefix.pch */ = {isa = PBXFileReference; lastKnownFileType = sourcecode.c.h; path = "DFCache Tests OS X Static-Prefix.pch"; sourceTree = "<group>"; };
		0CFAA80118CC704E004C56CC /* DFCache Tests OS X Dynamic.xctest */ = {isa = PBXFileReference; explicitFileType = wrapper.cfbundle; includeInIndex = 0; path = "DFCache Tests OS X Dynamic.xctest"; sourceTree = BUILT_PRODUCTS_DIR; };
		0CFAA80518CC704E004C56CC /* DFCache Tests OS X Dynamic-Info.plist */ = {isa = PBXFileReference; lastKnownFileType = text.plist.xml; path = "DFCache Tests OS X Dynamic-Info.plist"; sourceTree = "<group>"; };
		0CFAA80718CC704E004C56CC /* en */ = {isa = PBXFileReference; lastKnownFileType = text.plist.strings; name = en; path = en.lproj/InfoPlist.strings; sourceTree = "<group>"; };
		0CFAA80B18CC704E004C56CC /* DFCache Tests OS X Dynamic-Prefix.pch */ = {isa = PBXFileReference; lastKnownFileType = sourcecode.c.h; path = "DFCache Tests OS X Dynamic-Prefix.pch"; sourceTree = "<group>"; };
/* End PBXFileReference section */

/* Begin PBXFrameworksBuildPhase section */
		0C37135317D3FC2500766FD9 /* Frameworks */ = {
			isa = PBXFrameworksBuildPhase;
			buildActionMask = 2147483647;
			files = (
				0CBC53A118CB4D70002A8993 /* UIKit.framework in Frameworks */,
				0C37135717D3FC2500766FD9 /* Foundation.framework in Frameworks */,
			);
			runOnlyForDeploymentPostprocessing = 0;
		};
		0C37136317D3FC3300766FD9 /* Frameworks */ = {
			isa = PBXFrameworksBuildPhase;
			buildActionMask = 2147483647;
			files = (
				0CBC53A818CB4DCF002A8993 /* AppKit.framework in Frameworks */,
				0CBC53A318CB4DA2002A8993 /* Cocoa.framework in Frameworks */,
			);
			runOnlyForDeploymentPostprocessing = 0;
		};
		0C37137217D3FC3C00766FD9 /* Frameworks */ = {
			isa = PBXFrameworksBuildPhase;
			buildActionMask = 2147483647;
			files = (
				0CBC53A918CB4DD4002A8993 /* AppKit.framework in Frameworks */,
				0CBC53A618CB4DAF002A8993 /* Cocoa.framework in Frameworks */,
			);
			runOnlyForDeploymentPostprocessing = 0;
		};
		0C8C15DE17D40DFC004B7DAA /* Frameworks */ = {
			isa = PBXFrameworksBuildPhase;
			buildActionMask = 2147483647;
			files = (
				0CFC5CBC17D42367001C2951 /* libDFCache.a in Frameworks */,
				0CBC53A218CB4D7D002A8993 /* UIKit.framework in Frameworks */,
				0C8C15E517D40DFC004B7DAA /* Foundation.framework in Frameworks */,
			);
			runOnlyForDeploymentPostprocessing = 0;
		};
		0CFAA7E818CC7006004C56CC /* Frameworks */ = {
			isa = PBXFrameworksBuildPhase;
			buildActionMask = 2147483647;
			files = (
				0CFAA7FC18CC7031004C56CC /* libDFCache-OSX.a in Frameworks */,
				0CFAA7FB18CC702E004C56CC /* AppKit.framework in Frameworks */,
				0CFAA7EC18CC7006004C56CC /* XCTest.framework in Frameworks */,
			);
			runOnlyForDeploymentPostprocessing = 0;
		};
		0CFAA7FE18CC704E004C56CC /* Frameworks */ = {
			isa = PBXFrameworksBuildPhase;
			buildActionMask = 2147483647;
			files = (
				0CFAA81218CC7057004C56CC /* DFCache.dylib in Frameworks */,
				0CFAA81118CC7054004C56CC /* AppKit.framework in Frameworks */,
				0CFAA80218CC704E004C56CC /* XCTest.framework in Frameworks */,
			);
			runOnlyForDeploymentPostprocessing = 0;
		};
/* End PBXFrameworksBuildPhase section */

/* Begin PBXGroup section */
		0C37061D18CA408F003E20C4 /* DFCache */ = {
			isa = PBXGroup;
			children = (
				0CB95E0418CB181000169472 /* DFCache.h */,
				0CB95E0518CB181000169472 /* DFCache.m */,
				0CB95E0618CB181000169472 /* DFCache+Extensions.h */,
				0CB95E0718CB181000169472 /* DFCache+Extensions.m */,
				0CB95E0818CB181000169472 /* DFCacheBlocks.h */,
				0CB95E0918CB181000169472 /* DFDiskCache.h */,
				0CB95E0A18CB181000169472 /* DFDiskCache.m */,
				0CCCFECF18CB2D4B009AE6DB /* Key-Value File Storage */,
				0CB95DF418CB17AD00169472 /* Extended File Attributes */,
				0C37064E18CA408F003E20C4 /* Private */,
			);
			path = DFCache;
			sourceTree = "<group>";
		};
		0C37064E18CA408F003E20C4 /* Private */ = {
			isa = PBXGroup;
			children = (
				0C37064F18CA408F003E20C4 /* DFCachePrivate.h */,
				0C7D47AD18CB1FA50078C765 /* DFCachePrivate.m */,
				0C94791F18CCE4D4008E8938 /* DFCacheTimer.h */,
				0C94792018CCE4D4008E8938 /* DFCacheTimer.m */,
			);
			path = Private;
			sourceTree = "<group>";
		};
		0C3712EB17D3F93F00766FD9 = {
			isa = PBXGroup;
			children = (
				0C37061D18CA408F003E20C4 /* DFCache */,
				0C7D47B118CB20470078C765 /* DFCache Tests */,
				0C3712F617D3F93F00766FD9 /* Frameworks */,
				0CFA33EE17D4734900AE6EEF /* Supporting Files */,
				0C3712F517D3F93F00766FD9 /* Products */,
			);
			indentWidth = 4;
			sourceTree = "<group>";
			tabWidth = 4;
		};
		0C3712F517D3F93F00766FD9 /* Products */ = {
			isa = PBXGroup;
			children = (
				0C37135617D3FC2500766FD9 /* libDFCache.a */,
				0C37136617D3FC3300766FD9 /* libDFCache-OSX.a */,
				0C37137517D3FC3C00766FD9 /* DFCache.dylib */,
				0C8C15E217D40DFC004B7DAA /* DFCache Tests iOS.xctest */,
				0CFAA7EB18CC7006004C56CC /* DFCache Tests OS X Static.xctest */,
				0CFAA80118CC704E004C56CC /* DFCache Tests OS X Dynamic.xctest */,
			);
			name = Products;
			sourceTree = "<group>";
		};
		0C3712F617D3F93F00766FD9 /* Frameworks */ = {
			isa = PBXGroup;
			children = (
				0CBC53A718CB4DCF002A8993 /* AppKit.framework */,
				0CBC53A018CB4D70002A8993 /* UIKit.framework */,
				0CDB855A18CB4A8F005DAA43 /* Cocoa.framework */,
				0CDB855618CB48F6005DAA43 /* XCTest.framework */,
				0C3712F717D3F93F00766FD9 /* Foundation.framework */,
				0C37132617D3F9C700766FD9 /* Other Frameworks */,
			);
			name = Frameworks;
			sourceTree = "<group>";
		};
		0C37132617D3F9C700766FD9 /* Other Frameworks */ = {
			isa = PBXGroup;
			children = (
				0C37132717D3F9C700766FD9 /* AppKit.framework */,
				0C37132817D3F9C700766FD9 /* CoreData.framework */,
				0C37132917D3F9C700766FD9 /* Foundation.framework */,
			);
			name = "Other Frameworks";
			sourceTree = "<group>";
		};
		0C7D47B118CB20470078C765 /* DFCache Tests */ = {
			isa = PBXGroup;
			children = (
				0CDB852618CB44B6005DAA43 /* DFCache+Tests.h */,
				0CDB852718CB44B6005DAA43 /* DFCache+Tests.m */,
				0C7D47B218CB20470078C765 /* DFTesting.h */,
				0CDB852518CB4485005DAA43 /* Test Suites */,
				0CB95E1C18CB186D00169472 /* DFCache Tests iOS */,
				0CFAA7ED18CC7006004C56CC /* DFCache Tests OS X Static */,
				0CFAA80318CC704E004C56CC /* DFCache Tests OS X Dynamic */,
			);
			path = "DFCache Tests";
			sourceTree = "<group>";
		};
		0CB95DF418CB17AD00169472 /* Extended File Attributes */ = {
			isa = PBXGroup;
			children = (
				0CB95DF518CB17AD00169472 /* NSURL+DFExtendedFileAttributes.h */,
				0CB95DF618CB17AD00169472 /* NSURL+DFExtendedFileAttributes.m */,
			);
			path = "Extended File Attributes";
			sourceTree = "<group>";
		};
		0CB95E1C18CB186D00169472 /* DFCache Tests iOS */ = {
			isa = PBXGroup;
			children = (
				0CB95E1D18CB186D00169472 /* DFCache Tests iOS-Info.plist */,
				0CB95E1E18CB186D00169472 /* DFCache Tests iOS-Prefix.pch */,
				0CB95E1F18CB186D00169472 /* InfoPlist.strings */,
			);
			path = "DFCache Tests iOS";
			sourceTree = SOURCE_ROOT;
		};
		0CCCFECF18CB2D4B009AE6DB /* Key-Value File Storage */ = {
			isa = PBXGroup;
			children = (
				0CCCFED018CB2D4B009AE6DB /* DFFileStorage.h */,
				0CCCFED118CB2D4B009AE6DB /* DFFileStorage.m */,
			);
			path = "Key-Value File Storage";
			sourceTree = "<group>";
		};
		0CDB852518CB4485005DAA43 /* Test Suites */ = {
			isa = PBXGroup;
			children = (
				0CDB852A18CB44D9005DAA43 /* TDFCache.m */,
				0CDB852B18CB44D9005DAA43 /* TDFCache+Extensions.m */,
				0CDB853018CB451D005DAA43 /* TDFDiskCache.m */,
				0CDB853118CB451D005DAA43 /* TDFExtendedFileAttributes.m */,
				0CDB853218CB451D005DAA43 /* TDFFileStorage.m */,
			);
			path = "Test Suites";
			sourceTree = "<group>";
		};
		0CFA33EE17D4734900AE6EEF /* Supporting Files */ = {
			isa = PBXGroup;
			children = (
				0CFA33EF17D4734900AE6EEF /* DFCache iOS-Prefix.pch */,
				0CFA33F017D4734900AE6EEF /* DFCache OS X-Prefix.pch */,
			);
			path = "Supporting Files";
			sourceTree = "<group>";
		};
		0CFAA7ED18CC7006004C56CC /* DFCache Tests OS X Static */ = {
			isa = PBXGroup;
			children = (
				0CFAA7EE18CC7006004C56CC /* Supporting Files */,
			);
			path = "DFCache Tests OS X Static";
			sourceTree = SOURCE_ROOT;
		};
		0CFAA7EE18CC7006004C56CC /* Supporting Files */ = {
			isa = PBXGroup;
			children = (
				0CFAA7EF18CC7006004C56CC /* DFCache Tests OS X Static-Info.plist */,
				0CFAA7F018CC7007004C56CC /* InfoPlist.strings */,
				0CFAA7F518CC7007004C56CC /* DFCache Tests OS X Static-Prefix.pch */,
			);
			name = "Supporting Files";
			sourceTree = "<group>";
		};
		0CFAA80318CC704E004C56CC /* DFCache Tests OS X Dynamic */ = {
			isa = PBXGroup;
			children = (
				0CFAA80418CC704E004C56CC /* Supporting Files */,
			);
			path = "DFCache Tests OS X Dynamic";
			sourceTree = SOURCE_ROOT;
		};
		0CFAA80418CC704E004C56CC /* Supporting Files */ = {
			isa = PBXGroup;
			children = (
				0CFAA80518CC704E004C56CC /* DFCache Tests OS X Dynamic-Info.plist */,
				0CFAA80618CC704E004C56CC /* InfoPlist.strings */,
				0CFAA80B18CC704E004C56CC /* DFCache Tests OS X Dynamic-Prefix.pch */,
			);
			name = "Supporting Files";
			sourceTree = "<group>";
		};
/* End PBXGroup section */

/* Begin PBXHeadersBuildPhase section */
		0C37136417D3FC3300766FD9 /* Headers */ = {
			isa = PBXHeadersBuildPhase;
			buildActionMask = 2147483647;
			files = (
				0CB95E0C18CB181000169472 /* DFCache.h in Headers */,
				0CB95E1618CB181000169472 /* DFCacheBlocks.h in Headers */,
				0CB95E1118CB181000169472 /* DFCache+Extensions.h in Headers */,
				0CB95E1818CB181000169472 /* DFDiskCache.h in Headers */,
				0CCCFED318CB2D4B009AE6DB /* DFFileStorage.h in Headers */,
				0CB95DFB18CB17AD00169472 /* NSURL+DFExtendedFileAttributes.h in Headers */,
				0C94792118CCE4D4008E8938 /* DFCacheTimer.h in Headers */,
				0C3706C418CA408F003E20C4 /* DFCachePrivate.h in Headers */,
				0CFA33F417D4734900AE6EEF /* DFCache OS X-Prefix.pch in Headers */,
			);
			runOnlyForDeploymentPostprocessing = 0;
		};
		0C37137317D3FC3C00766FD9 /* Headers */ = {
			isa = PBXHeadersBuildPhase;
			buildActionMask = 2147483647;
			files = (
				0CB95E0B18CB181000169472 /* DFCache.h in Headers */,
				0CB95E1518CB181000169472 /* DFCacheBlocks.h in Headers */,
				0CB95E1018CB181000169472 /* DFCache+Extensions.h in Headers */,
				0CB95E1718CB181000169472 /* DFDiskCache.h in Headers */,
				0CCCFED218CB2D4B009AE6DB /* DFFileStorage.h in Headers */,
				0CB95DFA18CB17AD00169472 /* NSURL+DFExtendedFileAttributes.h in Headers */,
				0C94792218CCE4D4008E8938 /* DFCacheTimer.h in Headers */,
				0C3706C318CA408F003E20C4 /* DFCachePrivate.h in Headers */,
				0CFA33F317D4734900AE6EEF /* DFCache OS X-Prefix.pch in Headers */,
			);
			runOnlyForDeploymentPostprocessing = 0;
		};
/* End PBXHeadersBuildPhase section */

/* Begin PBXNativeTarget section */
		0C37135517D3FC2500766FD9 /* DFCache iOS */ = {
			isa = PBXNativeTarget;
			buildConfigurationList = 0C37135F17D3FC2500766FD9 /* Build configuration list for PBXNativeTarget "DFCache iOS" */;
			buildPhases = (
				0C37135217D3FC2500766FD9 /* Sources */,
				0C37135317D3FC2500766FD9 /* Frameworks */,
				0C37135417D3FC2500766FD9 /* CopyFiles */,
			);
			buildRules = (
			);
			dependencies = (
			);
			name = "DFCache iOS";
			productName = "DwarfKit iOS";
			productReference = 0C37135617D3FC2500766FD9 /* libDFCache.a */;
			productType = "com.apple.product-type.library.static";
		};
		0C37136517D3FC3300766FD9 /* DFCache OS X Static */ = {
			isa = PBXNativeTarget;
			buildConfigurationList = 0C37136E17D3FC3300766FD9 /* Build configuration list for PBXNativeTarget "DFCache OS X Static" */;
			buildPhases = (
				0C37136217D3FC3300766FD9 /* Sources */,
				0C37136317D3FC3300766FD9 /* Frameworks */,
				0C37136417D3FC3300766FD9 /* Headers */,
			);
			buildRules = (
			);
			dependencies = (
			);
			name = "DFCache OS X Static";
			productName = "DwarfKit Mac Static";
			productReference = 0C37136617D3FC3300766FD9 /* libDFCache-OSX.a */;
			productType = "com.apple.product-type.library.static";
		};
		0C37137417D3FC3C00766FD9 /* DFCache OS X Dynamic */ = {
			isa = PBXNativeTarget;
			buildConfigurationList = 0C37137D17D3FC3D00766FD9 /* Build configuration list for PBXNativeTarget "DFCache OS X Dynamic" */;
			buildPhases = (
				0C37137117D3FC3C00766FD9 /* Sources */,
				0C37137217D3FC3C00766FD9 /* Frameworks */,
				0C37137317D3FC3C00766FD9 /* Headers */,
			);
			buildRules = (
			);
			dependencies = (
			);
			name = "DFCache OS X Dynamic";
			productName = "DwarfKit Mac Dynamic";
			productReference = 0C37137517D3FC3C00766FD9 /* DFCache.dylib */;
			productType = "com.apple.product-type.library.dynamic";
		};
		0C8C15E117D40DFC004B7DAA /* DFCache Tests iOS */ = {
			isa = PBXNativeTarget;
			buildConfigurationList = 0C8C15F017D40DFC004B7DAA /* Build configuration list for PBXNativeTarget "DFCache Tests iOS" */;
			buildPhases = (
				0C8C15DD17D40DFC004B7DAA /* Sources */,
				0C8C15DE17D40DFC004B7DAA /* Frameworks */,
				0C8C15DF17D40DFC004B7DAA /* Resources */,
				0C8C15E017D40DFC004B7DAA /* ShellScript */,
			);
			buildRules = (
			);
			dependencies = (
				0CFC5CB717D42118001C2951 /* PBXTargetDependency */,
			);
			name = "DFCache Tests iOS";
			productName = "DwarfKit Tests iOS";
			productReference = 0C8C15E217D40DFC004B7DAA /* DFCache Tests iOS.xctest */;
			productType = "com.apple.product-type.bundle.unit-test";
		};
		0CFAA7EA18CC7006004C56CC /* DFCache Tests OS X Static */ = {
			isa = PBXNativeTarget;
			buildConfigurationList = 0CFAA7F818CC7007004C56CC /* Build configuration list for PBXNativeTarget "DFCache Tests OS X Static" */;
			buildPhases = (
				0CFAA7E718CC7006004C56CC /* Sources */,
				0CFAA7E818CC7006004C56CC /* Frameworks */,
				0CFAA7E918CC7006004C56CC /* Resources */,
			);
			buildRules = (
			);
			dependencies = (
				0CFAA7F718CC7007004C56CC /* PBXTargetDependency */,
			);
			name = "DFCache Tests OS X Static";
			productName = "DFCache Tests OS X Static";
			productReference = 0CFAA7EB18CC7006004C56CC /* DFCache Tests OS X Static.xctest */;
			productType = "com.apple.product-type.bundle.unit-test";
		};
		0CFAA80018CC704E004C56CC /* DFCache Tests OS X Dynamic */ = {
			isa = PBXNativeTarget;
			buildConfigurationList = 0CFAA80E18CC704E004C56CC /* Build configuration list for PBXNativeTarget "DFCache Tests OS X Dynamic" */;
			buildPhases = (
				0CFAA7FD18CC704E004C56CC /* Sources */,
				0CFAA7FE18CC704E004C56CC /* Frameworks */,
				0CFAA7FF18CC704E004C56CC /* Resources */,
			);
			buildRules = (
			);
			dependencies = (
				0CFAA80D18CC704E004C56CC /* PBXTargetDependency */,
			);
			name = "DFCache Tests OS X Dynamic";
			productName = "DFCache Tests OS X Dynamic";
			productReference = 0CFAA80118CC704E004C56CC /* DFCache Tests OS X Dynamic.xctest */;
			productType = "com.apple.product-type.bundle.unit-test";
		};
/* End PBXNativeTarget section */

/* Begin PBXProject section */
		0C3712EC17D3F93F00766FD9 /* Project object */ = {
			isa = PBXProject;
			attributes = {
				LastUpgradeCheck = 0500;
				ORGANIZATIONNAME = com.github.kean;
				TargetAttributes = {
					0CFAA7EA18CC7006004C56CC = {
						TestTargetID = 0C37136517D3FC3300766FD9;
					};
					0CFAA80018CC704E004C56CC = {
						TestTargetID = 0C37137417D3FC3C00766FD9;
					};
				};
			};
			buildConfigurationList = 0C3712EF17D3F93F00766FD9 /* Build configuration list for PBXProject "DFCache" */;
			compatibilityVersion = "Xcode 3.2";
			developmentRegion = English;
			hasScannedForEncodings = 0;
			knownRegions = (
				en,
			);
			mainGroup = 0C3712EB17D3F93F00766FD9;
			productRefGroup = 0C3712F517D3F93F00766FD9 /* Products */;
			projectDirPath = "";
			projectRoot = "";
			targets = (
				0C37135517D3FC2500766FD9 /* DFCache iOS */,
				0C37136517D3FC3300766FD9 /* DFCache OS X Static */,
				0C37137417D3FC3C00766FD9 /* DFCache OS X Dynamic */,
				0C8C15E117D40DFC004B7DAA /* DFCache Tests iOS */,
				0CFAA7EA18CC7006004C56CC /* DFCache Tests OS X Static */,
				0CFAA80018CC704E004C56CC /* DFCache Tests OS X Dynamic */,
			);
		};
/* End PBXProject section */

/* Begin PBXResourcesBuildPhase section */
		0C8C15DF17D40DFC004B7DAA /* Resources */ = {
			isa = PBXResourcesBuildPhase;
			buildActionMask = 2147483647;
			files = (
				0CB95E2F18CB186D00169472 /* InfoPlist.strings in Resources */,
			);
			runOnlyForDeploymentPostprocessing = 0;
		};
		0CFAA7E918CC7006004C56CC /* Resources */ = {
			isa = PBXResourcesBuildPhase;
			buildActionMask = 2147483647;
			files = (
				0CFAA7F218CC7007004C56CC /* InfoPlist.strings in Resources */,
			);
			runOnlyForDeploymentPostprocessing = 0;
		};
		0CFAA7FF18CC704E004C56CC /* Resources */ = {
			isa = PBXResourcesBuildPhase;
			buildActionMask = 2147483647;
			files = (
				0CFAA80818CC704E004C56CC /* InfoPlist.strings in Resources */,
			);
			runOnlyForDeploymentPostprocessing = 0;
		};
/* End PBXResourcesBuildPhase section */

/* Begin PBXShellScriptBuildPhase section */
		0C8C15E017D40DFC004B7DAA /* ShellScript */ = {
			isa = PBXShellScriptBuildPhase;
			buildActionMask = 2147483647;
			files = (
			);
			inputPaths = (
			);
			outputPaths = (
			);
			runOnlyForDeploymentPostprocessing = 0;
			shellPath = /bin/sh;
			shellScript = "# Run the unit tests in this test bundle.\n\"${SYSTEM_DEVELOPER_DIR}/Tools/RunUnitTests\"\n";
		};
/* End PBXShellScriptBuildPhase section */

/* Begin PBXSourcesBuildPhase section */
		0C37135217D3FC2500766FD9 /* Sources */ = {
			isa = PBXSourcesBuildPhase;
			buildActionMask = 2147483647;
			files = (
				0CB95E1218CB181000169472 /* DFCache+Extensions.m in Sources */,
				0CCCFED418CB2D4B009AE6DB /* DFFileStorage.m in Sources */,
				0CB95E0D18CB181000169472 /* DFCache.m in Sources */,
				0CB95DFC18CB17AD00169472 /* NSURL+DFExtendedFileAttributes.m in Sources */,
				0C94792318CCE4D4008E8938 /* DFCacheTimer.m in Sources */,
				0C7D47AE18CB1FA50078C765 /* DFCachePrivate.m in Sources */,
				0CB95E1918CB181000169472 /* DFDiskCache.m in Sources */,
			);
			runOnlyForDeploymentPostprocessing = 0;
		};
		0C37136217D3FC3300766FD9 /* Sources */ = {
			isa = PBXSourcesBuildPhase;
			buildActionMask = 2147483647;
			files = (
				0CB95E0F18CB181000169472 /* DFCache.m in Sources */,
				0CB95E1418CB181000169472 /* DFCache+Extensions.m in Sources */,
				0CCCFED618CB2D4B009AE6DB /* DFFileStorage.m in Sources */,
				0CB95DFE18CB17AD00169472 /* NSURL+DFExtendedFileAttributes.m in Sources */,
				0C94792418CCE4D4008E8938 /* DFCacheTimer.m in Sources */,
				0C7D47B018CB1FA50078C765 /* DFCachePrivate.m in Sources */,
				0CB95E1B18CB181000169472 /* DFDiskCache.m in Sources */,
			);
			runOnlyForDeploymentPostprocessing = 0;
		};
		0C37137117D3FC3C00766FD9 /* Sources */ = {
			isa = PBXSourcesBuildPhase;
			buildActionMask = 2147483647;
			files = (
				0CB95E1318CB181000169472 /* DFCache+Extensions.m in Sources */,
				0CCCFED518CB2D4B009AE6DB /* DFFileStorage.m in Sources */,
				0CB95E0E18CB181000169472 /* DFCache.m in Sources */,
				0CB95DFD18CB17AD00169472 /* NSURL+DFExtendedFileAttributes.m in Sources */,
				0C94792518CCE4D4008E8938 /* DFCacheTimer.m in Sources */,
				0C7D47AF18CB1FA50078C765 /* DFCachePrivate.m in Sources */,
				0CB95E1A18CB181000169472 /* DFDiskCache.m in Sources */,
			);
			runOnlyForDeploymentPostprocessing = 0;
		};
		0C8C15DD17D40DFC004B7DAA /* Sources */ = {
			isa = PBXSourcesBuildPhase;
			buildActionMask = 2147483647;
			files = (
				0CDB852C18CB44D9005DAA43 /* TDFCache.m in Sources */,
				0CDB852E18CB44D9005DAA43 /* TDFCache+Extensions.m in Sources */,
				0CDB853718CB451D005DAA43 /* TDFFileStorage.m in Sources */,
				0CDB853518CB451D005DAA43 /* TDFExtendedFileAttributes.m in Sources */,
				0CDB853318CB451D005DAA43 /* TDFDiskCache.m in Sources */,
				0CDB852818CB44B6005DAA43 /* DFCache+Tests.m in Sources */,
			);
			runOnlyForDeploymentPostprocessing = 0;
		};
		0CFAA7E718CC7006004C56CC /* Sources */ = {
			isa = PBXSourcesBuildPhase;
			buildActionMask = 2147483647;
			files = (
				0CFAA81618CC7088004C56CC /* TDFExtendedFileAttributes.m in Sources */,
				0CFAA81518CC7088004C56CC /* TDFDiskCache.m in Sources */,
				0CFAA81718CC7088004C56CC /* TDFFileStorage.m in Sources */,
				0CFAA81318CC7088004C56CC /* TDFCache.m in Sources */,
				0CFAA81E18CC708C004C56CC /* DFCache+Tests.m in Sources */,
				0CFAA81418CC7088004C56CC /* TDFCache+Extensions.m in Sources */,
			);
			runOnlyForDeploymentPostprocessing = 0;
		};
		0CFAA7FD18CC704E004C56CC /* Sources */ = {
			isa = PBXSourcesBuildPhase;
			buildActionMask = 2147483647;
			files = (
				0CFAA81B18CC7088004C56CC /* TDFExtendedFileAttributes.m in Sources */,
				0CFAA81A18CC7088004C56CC /* TDFDiskCache.m in Sources */,
				0CFAA81C18CC7088004C56CC /* TDFFileStorage.m in Sources */,
				0CFAA81818CC7088004C56CC /* TDFCache.m in Sources */,
				0CFAA81D18CC708B004C56CC /* DFCache+Tests.m in Sources */,
				0CFAA81918CC7088004C56CC /* TDFCache+Extensions.m in Sources */,
			);
			runOnlyForDeploymentPostprocessing = 0;
		};
/* End PBXSourcesBuildPhase section */

/* Begin PBXTargetDependency section */
		0CFAA7F718CC7007004C56CC /* PBXTargetDependency */ = {
			isa = PBXTargetDependency;
			target = 0C37136517D3FC3300766FD9 /* DFCache OS X Static */;
			targetProxy = 0CFAA7F618CC7007004C56CC /* PBXContainerItemProxy */;
		};
		0CFAA80D18CC704E004C56CC /* PBXTargetDependency */ = {
			isa = PBXTargetDependency;
			target = 0C37137417D3FC3C00766FD9 /* DFCache OS X Dynamic */;
			targetProxy = 0CFAA80C18CC704E004C56CC /* PBXContainerItemProxy */;
		};
		0CFC5CB717D42118001C2951 /* PBXTargetDependency */ = {
			isa = PBXTargetDependency;
			target = 0C37135517D3FC2500766FD9 /* DFCache iOS */;
			targetProxy = 0CFC5CB617D42118001C2951 /* PBXContainerItemProxy */;
		};
/* End PBXTargetDependency section */

/* Begin PBXVariantGroup section */
		0CB95E1F18CB186D00169472 /* InfoPlist.strings */ = {
			isa = PBXVariantGroup;
			children = (
				0CB95E2018CB186D00169472 /* en */,
			);
			name = InfoPlist.strings;
			sourceTree = "<group>";
		};
		0CFAA7F018CC7007004C56CC /* InfoPlist.strings */ = {
			isa = PBXVariantGroup;
			children = (
				0CFAA7F118CC7007004C56CC /* en */,
			);
			name = InfoPlist.strings;
			sourceTree = "<group>";
		};
		0CFAA80618CC704E004C56CC /* InfoPlist.strings */ = {
			isa = PBXVariantGroup;
			children = (
				0CFAA80718CC704E004C56CC /* en */,
			);
			name = InfoPlist.strings;
			sourceTree = "<group>";
		};
/* End PBXVariantGroup section */

/* Begin XCBuildConfiguration section */
		0C37131717D3F93F00766FD9 /* Debug */ = {
			isa = XCBuildConfiguration;
			buildSettings = {
				ALWAYS_SEARCH_USER_PATHS = NO;
				ARCHS = "$(ARCHS_STANDARD_INCLUDING_64_BIT)";
				CLANG_CXX_LANGUAGE_STANDARD = "gnu++0x";
				CLANG_CXX_LIBRARY = "libc++";
				CLANG_ENABLE_OBJC_ARC = YES;
				CLANG_WARN_BOOL_CONVERSION = YES;
				CLANG_WARN_CONSTANT_CONVERSION = YES;
				CLANG_WARN_EMPTY_BODY = YES;
				CLANG_WARN_ENUM_CONVERSION = YES;
				CLANG_WARN_INT_CONVERSION = YES;
				CLANG_WARN__DUPLICATE_METHOD_MATCH = YES;
				COPY_PHASE_STRIP = NO;
				GCC_C_LANGUAGE_STANDARD = gnu99;
				GCC_DYNAMIC_NO_PIC = NO;
				GCC_OPTIMIZATION_LEVEL = 0;
				GCC_PREPROCESSOR_DEFINITIONS = (
					"DEBUG=1",
					"$(inherited)",
				);
				GCC_SYMBOLS_PRIVATE_EXTERN = NO;
				GCC_TREAT_INCOMPATIBLE_POINTER_TYPE_WARNINGS_AS_ERRORS = YES;
				GCC_WARN_ABOUT_MISSING_NEWLINE = YES;
				GCC_WARN_ABOUT_RETURN_TYPE = YES;
				GCC_WARN_UNINITIALIZED_AUTOS = YES;
				GCC_WARN_UNUSED_VARIABLE = YES;
				IPHONEOS_DEPLOYMENT_TARGET = 6.0;
				MACOSX_DEPLOYMENT_TARGET = 10.8;
				ONLY_ACTIVE_ARCH = YES;
				SDKROOT = iphoneos;
				VALID_ARCHS = "arm64 armv7 armv7s";
			};
			name = Debug;
		};
		0C37131817D3F93F00766FD9 /* Release */ = {
			isa = XCBuildConfiguration;
			buildSettings = {
				ALWAYS_SEARCH_USER_PATHS = NO;
				ARCHS = "$(ARCHS_STANDARD_INCLUDING_64_BIT)";
				CLANG_CXX_LANGUAGE_STANDARD = "gnu++0x";
				CLANG_CXX_LIBRARY = "libc++";
				CLANG_ENABLE_OBJC_ARC = YES;
				CLANG_WARN_BOOL_CONVERSION = YES;
				CLANG_WARN_CONSTANT_CONVERSION = YES;
				CLANG_WARN_EMPTY_BODY = YES;
				CLANG_WARN_ENUM_CONVERSION = YES;
				CLANG_WARN_INT_CONVERSION = YES;
				CLANG_WARN__DUPLICATE_METHOD_MATCH = YES;
				COPY_PHASE_STRIP = YES;
				GCC_C_LANGUAGE_STANDARD = gnu99;
				GCC_TREAT_INCOMPATIBLE_POINTER_TYPE_WARNINGS_AS_ERRORS = YES;
				GCC_WARN_ABOUT_MISSING_NEWLINE = YES;
				GCC_WARN_ABOUT_RETURN_TYPE = YES;
				GCC_WARN_UNINITIALIZED_AUTOS = YES;
				GCC_WARN_UNUSED_VARIABLE = YES;
				IPHONEOS_DEPLOYMENT_TARGET = 6.0;
				MACOSX_DEPLOYMENT_TARGET = 10.8;
				SDKROOT = iphoneos;
				VALIDATE_PRODUCT = YES;
				VALID_ARCHS = "arm64 armv7 armv7s";
			};
			name = Release;
		};
		0C37136017D3FC2500766FD9 /* Debug */ = {
			isa = XCBuildConfiguration;
			buildSettings = {
				DSTROOT = /tmp/DFCache_iOS.dst;
				GCC_PRECOMPILE_PREFIX_HEADER = YES;
				GCC_PREFIX_HEADER = "Supporting Files/DFCache iOS-Prefix.pch";
				IPHONEOS_DEPLOYMENT_TARGET = 6.1;
				OTHER_LDFLAGS = "-ObjC";
				PRODUCT_NAME = DFCache;
				SKIP_INSTALL = YES;
			};
			name = Debug;
		};
		0C37136117D3FC2500766FD9 /* Release */ = {
			isa = XCBuildConfiguration;
			buildSettings = {
				DSTROOT = /tmp/DFCache_iOS.dst;
				GCC_PRECOMPILE_PREFIX_HEADER = YES;
				GCC_PREFIX_HEADER = "Supporting Files/DFCache iOS-Prefix.pch";
				IPHONEOS_DEPLOYMENT_TARGET = 6.1;
				OTHER_LDFLAGS = "-ObjC";
				PRODUCT_NAME = DFCache;
				SKIP_INSTALL = YES;
			};
			name = Release;
		};
		0C37136F17D3FC3300766FD9 /* Debug */ = {
			isa = XCBuildConfiguration;
			buildSettings = {
				ARCHS = "$(ARCHS_STANDARD)";
				FRAMEWORK_SEARCH_PATHS = (
					"$(inherited)",
					"\"$(SYSTEM_APPS_DIR)/Xcode.app/Contents/Developer/Library/Frameworks\"",
				);
				GCC_ENABLE_OBJC_EXCEPTIONS = YES;
				GCC_PRECOMPILE_PREFIX_HEADER = YES;
				GCC_PREFIX_HEADER = "Supporting Files/DFCache OS X-Prefix.pch";
				GCC_WARN_64_TO_32_BIT_CONVERSION = YES;
				MACOSX_DEPLOYMENT_TARGET = 10.8;
				PRODUCT_NAME = "DFCache-OSX";
				SDKROOT = macosx;
				VALID_ARCHS = x86_64;
			};
			name = Debug;
		};
		0C37137017D3FC3300766FD9 /* Release */ = {
			isa = XCBuildConfiguration;
			buildSettings = {
				ARCHS = "$(ARCHS_STANDARD)";
				DEBUG_INFORMATION_FORMAT = "dwarf-with-dsym";
				FRAMEWORK_SEARCH_PATHS = (
					"$(inherited)",
					"\"$(SYSTEM_APPS_DIR)/Xcode.app/Contents/Developer/Library/Frameworks\"",
				);
				GCC_ENABLE_OBJC_EXCEPTIONS = YES;
				GCC_PRECOMPILE_PREFIX_HEADER = YES;
				GCC_PREFIX_HEADER = "Supporting Files/DFCache OS X-Prefix.pch";
				GCC_WARN_64_TO_32_BIT_CONVERSION = YES;
				MACOSX_DEPLOYMENT_TARGET = 10.8;
				PRODUCT_NAME = "DFCache-OSX";
				SDKROOT = macosx;
				VALID_ARCHS = x86_64;
			};
			name = Release;
		};
		0C37137E17D3FC3D00766FD9 /* Debug */ = {
			isa = XCBuildConfiguration;
			buildSettings = {
				ARCHS = "$(ARCHS_STANDARD)";
				DYLIB_COMPATIBILITY_VERSION = 1;
				DYLIB_CURRENT_VERSION = 1;
				FRAMEWORK_SEARCH_PATHS = (
					"$(inherited)",
					"\"$(SYSTEM_APPS_DIR)/Xcode.app/Contents/Developer/Library/Frameworks\"",
				);
				GCC_ENABLE_OBJC_EXCEPTIONS = YES;
				GCC_PRECOMPILE_PREFIX_HEADER = YES;
				GCC_PREFIX_HEADER = "Supporting Files/DFCache OS X-Prefix.pch";
				GCC_WARN_64_TO_32_BIT_CONVERSION = YES;
				LIBRARY_SEARCH_PATHS = "$(inherited)";
				MACOSX_DEPLOYMENT_TARGET = 10.8;
				PRODUCT_NAME = DFCache;
				SDKROOT = macosx;
				VALID_ARCHS = x86_64;
			};
			name = Debug;
		};
		0C37137F17D3FC3D00766FD9 /* Release */ = {
			isa = XCBuildConfiguration;
			buildSettings = {
				ARCHS = "$(ARCHS_STANDARD)";
				DEBUG_INFORMATION_FORMAT = "dwarf-with-dsym";
				DYLIB_COMPATIBILITY_VERSION = 1;
				DYLIB_CURRENT_VERSION = 1;
				FRAMEWORK_SEARCH_PATHS = (
					"$(inherited)",
					"\"$(SYSTEM_APPS_DIR)/Xcode.app/Contents/Developer/Library/Frameworks\"",
				);
				GCC_ENABLE_OBJC_EXCEPTIONS = YES;
				GCC_PRECOMPILE_PREFIX_HEADER = YES;
				GCC_PREFIX_HEADER = "Supporting Files/DFCache OS X-Prefix.pch";
				GCC_WARN_64_TO_32_BIT_CONVERSION = YES;
				LIBRARY_SEARCH_PATHS = "$(inherited)";
				MACOSX_DEPLOYMENT_TARGET = 10.8;
				PRODUCT_NAME = DFCache;
				SDKROOT = macosx;
				VALID_ARCHS = x86_64;
			};
			name = Release;
		};
		0C8C15F117D40DFC004B7DAA /* Debug */ = {
			isa = XCBuildConfiguration;
			buildSettings = {
				FRAMEWORK_SEARCH_PATHS = (
					"$(SDKROOT)/Developer/Library/Frameworks",
					"$(DEVELOPER_LIBRARY_DIR)/Frameworks",
					"$(inherited)",
				);
				GCC_PRECOMPILE_PREFIX_HEADER = YES;
				GCC_PREFIX_HEADER = "DFCache Tests iOS/DFCache Tests iOS-Prefix.pch";
				INFOPLIST_FILE = "DFCache Tests iOS/DFCache Tests iOS-Info.plist";
				IPHONEOS_DEPLOYMENT_TARGET = 6.1;
				OTHER_LDFLAGS = (
					"$(inherited)",
					"-framework",
					XCTest,
					"-ObjC",
				);
				PRODUCT_NAME = "DFCache Tests iOS";
			};
			name = Debug;
		};
		0C8C15F217D40DFC004B7DAA /* Release */ = {
			isa = XCBuildConfiguration;
			buildSettings = {
				FRAMEWORK_SEARCH_PATHS = (
					"$(SDKROOT)/Developer/Library/Frameworks",
					"$(DEVELOPER_LIBRARY_DIR)/Frameworks",
					"$(inherited)",
				);
				GCC_PRECOMPILE_PREFIX_HEADER = YES;
				GCC_PREFIX_HEADER = "DFCache Tests iOS/DFCache Tests iOS-Prefix.pch";
				INFOPLIST_FILE = "DFCache Tests iOS/DFCache Tests iOS-Info.plist";
				IPHONEOS_DEPLOYMENT_TARGET = 6.1;
				OTHER_LDFLAGS = (
					"$(inherited)",
					"-framework",
					XCTest,
					"-ObjC",
				);
				PRODUCT_NAME = "DFCache Tests iOS";
			};
			name = Release;
		};
		0CFAA7F918CC7007004C56CC /* Debug */ = {
			isa = XCBuildConfiguration;
			buildSettings = {
				CLANG_WARN_DIRECT_OBJC_ISA_USAGE = YES_ERROR;
				CLANG_WARN_OBJC_ROOT_CLASS = YES_ERROR;
				FRAMEWORK_SEARCH_PATHS = (
					"$(DEVELOPER_FRAMEWORKS_DIR)",
					"$(inherited)",
				);
				GCC_ENABLE_OBJC_EXCEPTIONS = YES;
				GCC_PRECOMPILE_PREFIX_HEADER = YES;
				GCC_PREFIX_HEADER = "DFCache Tests OS X Static/DFCache Tests OS X Static-Prefix.pch";
				GCC_PREPROCESSOR_DEFINITIONS = (
					"DEBUG=1",
					"$(inherited)",
				);
				GCC_WARN_64_TO_32_BIT_CONVERSION = YES;
				GCC_WARN_ABOUT_RETURN_TYPE = YES_ERROR;
				GCC_WARN_UNDECLARED_SELECTOR = YES;
				GCC_WARN_UNUSED_FUNCTION = YES;
				INFOPLIST_FILE = "DFCache Tests OS X Static/DFCache Tests OS X Static-Info.plist";
				MACOSX_DEPLOYMENT_TARGET = 10.9;
				OTHER_LDFLAGS = (
					"$(inherited)",
					"-framework",
					XCTest,
					"-ObjC",
				);
				PRODUCT_NAME = "$(TARGET_NAME)";
				SDKROOT = macosx;
				VALID_ARCHS = x86_64;
				WRAPPER_EXTENSION = xctest;
			};
			name = Debug;
		};
		0CFAA7FA18CC7007004C56CC /* Release */ = {
			isa = XCBuildConfiguration;
			buildSettings = {
				CLANG_WARN_DIRECT_OBJC_ISA_USAGE = YES_ERROR;
				CLANG_WARN_OBJC_ROOT_CLASS = YES_ERROR;
				DEBUG_INFORMATION_FORMAT = "dwarf-with-dsym";
				ENABLE_NS_ASSERTIONS = NO;
				FRAMEWORK_SEARCH_PATHS = (
					"$(DEVELOPER_FRAMEWORKS_DIR)",
					"$(inherited)",
				);
				GCC_ENABLE_OBJC_EXCEPTIONS = YES;
				GCC_PRECOMPILE_PREFIX_HEADER = YES;
				GCC_PREFIX_HEADER = "DFCache Tests OS X Static/DFCache Tests OS X Static-Prefix.pch";
				GCC_WARN_64_TO_32_BIT_CONVERSION = YES;
				GCC_WARN_ABOUT_RETURN_TYPE = YES_ERROR;
				GCC_WARN_UNDECLARED_SELECTOR = YES;
				GCC_WARN_UNUSED_FUNCTION = YES;
				INFOPLIST_FILE = "DFCache Tests OS X Static/DFCache Tests OS X Static-Info.plist";
				MACOSX_DEPLOYMENT_TARGET = 10.9;
				OTHER_LDFLAGS = (
					"$(inherited)",
					"-framework",
					XCTest,
					"-ObjC",
				);
				PRODUCT_NAME = "$(TARGET_NAME)";
				SDKROOT = macosx;
				VALID_ARCHS = x86_64;
				WRAPPER_EXTENSION = xctest;
			};
			name = Release;
		};
		0CFAA80F18CC704E004C56CC /* Debug */ = {
			isa = XCBuildConfiguration;
			buildSettings = {
				CLANG_WARN_DIRECT_OBJC_ISA_USAGE = YES_ERROR;
				CLANG_WARN_OBJC_ROOT_CLASS = YES_ERROR;
				FRAMEWORK_SEARCH_PATHS = (
					"$(DEVELOPER_FRAMEWORKS_DIR)",
					"$(inherited)",
				);
				GCC_ENABLE_OBJC_EXCEPTIONS = YES;
				GCC_PRECOMPILE_PREFIX_HEADER = YES;
				GCC_PREFIX_HEADER = "DFCache Tests OS X Dynamic/DFCache Tests OS X Dynamic-Prefix.pch";
				GCC_PREPROCESSOR_DEFINITIONS = (
					"DEBUG=1",
					"$(inherited)",
				);
				GCC_WARN_64_TO_32_BIT_CONVERSION = YES;
				GCC_WARN_ABOUT_RETURN_TYPE = YES_ERROR;
				GCC_WARN_UNDECLARED_SELECTOR = YES;
				GCC_WARN_UNUSED_FUNCTION = YES;
				INFOPLIST_FILE = "DFCache Tests OS X Dynamic/DFCache Tests OS X Dynamic-Info.plist";
				MACOSX_DEPLOYMENT_TARGET = 10.9;
				OTHER_LDFLAGS = (
					"$(inherited)",
					"-framework",
					XCTest,
					"-ObjC",
				);
				PRODUCT_NAME = "$(TARGET_NAME)";
				SDKROOT = macosx;
				VALID_ARCHS = x86_64;
				WRAPPER_EXTENSION = xctest;
			};
			name = Debug;
		};
		0CFAA81018CC704E004C56CC /* Release */ = {
			isa = XCBuildConfiguration;
			buildSettings = {
				CLANG_WARN_DIRECT_OBJC_ISA_USAGE = YES_ERROR;
				CLANG_WARN_OBJC_ROOT_CLASS = YES_ERROR;
				DEBUG_INFORMATION_FORMAT = "dwarf-with-dsym";
				ENABLE_NS_ASSERTIONS = NO;
				FRAMEWORK_SEARCH_PATHS = (
					"$(DEVELOPER_FRAMEWORKS_DIR)",
					"$(inherited)",
				);
				GCC_ENABLE_OBJC_EXCEPTIONS = YES;
				GCC_PRECOMPILE_PREFIX_HEADER = YES;
				GCC_PREFIX_HEADER = "DFCache Tests OS X Dynamic/DFCache Tests OS X Dynamic-Prefix.pch";
				GCC_WARN_64_TO_32_BIT_CONVERSION = YES;
				GCC_WARN_ABOUT_RETURN_TYPE = YES_ERROR;
				GCC_WARN_UNDECLARED_SELECTOR = YES;
				GCC_WARN_UNUSED_FUNCTION = YES;
				INFOPLIST_FILE = "DFCache Tests OS X Dynamic/DFCache Tests OS X Dynamic-Info.plist";
				MACOSX_DEPLOYMENT_TARGET = 10.9;
				OTHER_LDFLAGS = (
					"$(inherited)",
					"-framework",
					XCTest,
					"-ObjC",
				);
				PRODUCT_NAME = "$(TARGET_NAME)";
				SDKROOT = macosx;
				VALID_ARCHS = x86_64;
				WRAPPER_EXTENSION = xctest;
			};
			name = Release;
		};
/* End XCBuildConfiguration section */

/* Begin XCConfigurationList section */
		0C3712EF17D3F93F00766FD9 /* Build configuration list for PBXProject "DFCache" */ = {
			isa = XCConfigurationList;
			buildConfigurations = (
				0C37131717D3F93F00766FD9 /* Debug */,
				0C37131817D3F93F00766FD9 /* Release */,
			);
			defaultConfigurationIsVisible = 0;
			defaultConfigurationName = Release;
		};
		0C37135F17D3FC2500766FD9 /* Build configuration list for PBXNativeTarget "DFCache iOS" */ = {
			isa = XCConfigurationList;
			buildConfigurations = (
				0C37136017D3FC2500766FD9 /* Debug */,
				0C37136117D3FC2500766FD9 /* Release */,
			);
			defaultConfigurationIsVisible = 0;
			defaultConfigurationName = Release;
		};
		0C37136E17D3FC3300766FD9 /* Build configuration list for PBXNativeTarget "DFCache OS X Static" */ = {
			isa = XCConfigurationList;
			buildConfigurations = (
				0C37136F17D3FC3300766FD9 /* Debug */,
				0C37137017D3FC3300766FD9 /* Release */,
			);
			defaultConfigurationIsVisible = 0;
			defaultConfigurationName = Release;
		};
		0C37137D17D3FC3D00766FD9 /* Build configuration list for PBXNativeTarget "DFCache OS X Dynamic" */ = {
			isa = XCConfigurationList;
			buildConfigurations = (
				0C37137E17D3FC3D00766FD9 /* Debug */,
				0C37137F17D3FC3D00766FD9 /* Release */,
			);
			defaultConfigurationIsVisible = 0;
			defaultConfigurationName = Release;
		};
		0C8C15F017D40DFC004B7DAA /* Build configuration list for PBXNativeTarget "DFCache Tests iOS" */ = {
			isa = XCConfigurationList;
			buildConfigurations = (
				0C8C15F117D40DFC004B7DAA /* Debug */,
				0C8C15F217D40DFC004B7DAA /* Release */,
			);
			defaultConfigurationIsVisible = 0;
			defaultConfigurationName = Release;
		};
		0CFAA7F818CC7007004C56CC /* Build configuration list for PBXNativeTarget "DFCache Tests OS X Static" */ = {
			isa = XCConfigurationList;
			buildConfigurations = (
				0CFAA7F918CC7007004C56CC /* Debug */,
				0CFAA7FA18CC7007004C56CC /* Release */,
			);
			defaultConfigurationIsVisible = 0;
			defaultConfigurationName = Release;
		};
		0CFAA80E18CC704E004C56CC /* Build configuration list for PBXNativeTarget "DFCache Tests OS X Dynamic" */ = {
			isa = XCConfigurationList;
			buildConfigurations = (
				0CFAA80F18CC704E004C56CC /* Debug */,
				0CFAA81018CC704E004C56CC /* Release */,
			);
			defaultConfigurationIsVisible = 0;
			defaultConfigurationName = Release;
		};
/* End XCConfigurationList section */
	};
	rootObject = 0C3712EC17D3F93F00766FD9 /* Project object */;
}
